// !$*UTF8*$!
{
	archiveVersion = 1;
	classes = {
	};
	objectVersion = 54;
	objects = {

/* Begin PBXBuildFile section */
		00E356F31AD99517003FC87E /* FediReactNativeTests.m in Sources */ = {isa = PBXBuildFile; fileRef = 00E356F21AD99517003FC87E /* FediReactNativeTests.m */; };
		052DFDACB82C4A24B134DAAB /* AlbertSans-BoldItalic.ttf in Resources */ = {isa = PBXBuildFile; fileRef = 312DFEE4FBE3416993434E2C /* AlbertSans-BoldItalic.ttf */; };
		0ABFF7C00ED140BC92E67AE0 /* AlbertSans-Medium.ttf in Resources */ = {isa = PBXBuildFile; fileRef = 18336E53540947E691305C4C /* AlbertSans-Medium.ttf */; };
		0F2639AA472F4F5EB7B94A96 /* AlbertSans-Bold.ttf in Resources */ = {isa = PBXBuildFile; fileRef = 3DD2FB1C26C641AEBCA7E84B /* AlbertSans-Bold.ttf */; };
		10AE0C9848544FCB960B3F97 /* AlbertSans-ExtraLight.ttf in Resources */ = {isa = PBXBuildFile; fileRef = D225BA40674D4A54A544AF7B /* AlbertSans-ExtraLight.ttf */; };
		12D5236EEF5647A9AB3C8F5F /* AlbertSans-SemiBold.ttf in Resources */ = {isa = PBXBuildFile; fileRef = 727A4AA578294BB8B29DFF97 /* AlbertSans-SemiBold.ttf */; };
		13B07FBC1A68108700A75B9A /* AppDelegate.mm in Sources */ = {isa = PBXBuildFile; fileRef = 13B07FB01A68108700A75B9A /* AppDelegate.mm */; };
		13B07FBF1A68108700A75B9A /* Images.xcassets in Resources */ = {isa = PBXBuildFile; fileRef = 13B07FB51A68108700A75B9A /* Images.xcassets */; };
		13B07FC11A68108700A75B9A /* main.m in Sources */ = {isa = PBXBuildFile; fileRef = 13B07FB71A68108700A75B9A /* main.m */; };
		14831B7E23D94F7999D23385 /* AlbertSans-ExtraBoldItalic.ttf in Resources */ = {isa = PBXBuildFile; fileRef = CBA5A20FFC084EEFB3339B92 /* AlbertSans-ExtraBoldItalic.ttf */; };
		5118AA9C294A6A1700A41911 /* Fedi in Frameworks */ = {isa = PBXBuildFile; productRef = 5118AA9B294A6A1700A41911 /* Fedi */; };
		51BDE89B2AD5FFDF006CF72B /* AppDelegate.mm in Sources */ = {isa = PBXBuildFile; fileRef = 13B07FB01A68108700A75B9A /* AppDelegate.mm */; };
		51BDE89C2AD5FFDF006CF72B /* FedimintFfi.swift in Sources */ = {isa = PBXBuildFile; fileRef = D0D73EFE2921E5480059F06F /* FedimintFfi.swift */; };
		51BDE89D2AD5FFDF006CF72B /* main.m in Sources */ = {isa = PBXBuildFile; fileRef = 13B07FB71A68108700A75B9A /* main.m */; };
		51BDE89E2AD5FFDF006CF72B /* FedimintFfi.m in Sources */ = {isa = PBXBuildFile; fileRef = D0D73EF92921E1C80059F06F /* FedimintFfi.m */; };
		51BDE8A02AD5FFDF006CF72B /* Fedi in Frameworks */ = {isa = PBXBuildFile; productRef = 51BDE8972AD5FFDF006CF72B /* Fedi */; };
		51BDE8A32AD5FFDF006CF72B /* GradientLaunch.storyboard in Resources */ = {isa = PBXBuildFile; fileRef = 81AB9BB72411601600AC10FF /* GradientLaunch.storyboard */; };
		51BDE8A42AD5FFDF006CF72B /* Images.xcassets in Resources */ = {isa = PBXBuildFile; fileRef = 13B07FB51A68108700A75B9A /* Images.xcassets */; };
		51BDE8A52AD5FFDF006CF72B /* AlbertSans-Regular.ttf in Resources */ = {isa = PBXBuildFile; fileRef = CA334607B4314C63BA2FFF2E /* AlbertSans-Regular.ttf */; };
		51BDE8A62AD5FFDF006CF72B /* AlbertSans-Black.ttf in Resources */ = {isa = PBXBuildFile; fileRef = C017C3C90B14478883674F23 /* AlbertSans-Black.ttf */; };
		51BDE8A72AD5FFDF006CF72B /* AlbertSans-BlackItalic.ttf in Resources */ = {isa = PBXBuildFile; fileRef = 57F5074F39D74067B3835E4C /* AlbertSans-BlackItalic.ttf */; };
		51BDE8A82AD5FFDF006CF72B /* AlbertSans-Bold.ttf in Resources */ = {isa = PBXBuildFile; fileRef = 3DD2FB1C26C641AEBCA7E84B /* AlbertSans-Bold.ttf */; };
		51BDE8A92AD5FFDF006CF72B /* AlbertSans-BoldItalic.ttf in Resources */ = {isa = PBXBuildFile; fileRef = 312DFEE4FBE3416993434E2C /* AlbertSans-BoldItalic.ttf */; };
		51BDE8AA2AD5FFDF006CF72B /* AlbertSans-ExtraBold.ttf in Resources */ = {isa = PBXBuildFile; fileRef = 2B7020430C9340729EFFD0DE /* AlbertSans-ExtraBold.ttf */; };
		51BDE8AB2AD5FFDF006CF72B /* AlbertSans-ExtraBoldItalic.ttf in Resources */ = {isa = PBXBuildFile; fileRef = CBA5A20FFC084EEFB3339B92 /* AlbertSans-ExtraBoldItalic.ttf */; };
		51BDE8AC2AD5FFDF006CF72B /* AlbertSans-ExtraLight.ttf in Resources */ = {isa = PBXBuildFile; fileRef = D225BA40674D4A54A544AF7B /* AlbertSans-ExtraLight.ttf */; };
		51BDE8AD2AD5FFDF006CF72B /* AlbertSans-ExtraLightItalic.ttf in Resources */ = {isa = PBXBuildFile; fileRef = 42187D2041144CAD89D9DD1E /* AlbertSans-ExtraLightItalic.ttf */; };
		51BDE8AE2AD5FFDF006CF72B /* AlbertSans-Italic.ttf in Resources */ = {isa = PBXBuildFile; fileRef = A2718C7E398D4E6D944B3C10 /* AlbertSans-Italic.ttf */; };
		51BDE8AF2AD5FFDF006CF72B /* AlbertSans-Light.ttf in Resources */ = {isa = PBXBuildFile; fileRef = EE31B700324A4A70BB91B5F7 /* AlbertSans-Light.ttf */; };
		51BDE8B02AD5FFDF006CF72B /* AlbertSans-LightItalic.ttf in Resources */ = {isa = PBXBuildFile; fileRef = D3A507DA54ED44A9B76ADA0D /* AlbertSans-LightItalic.ttf */; };
		51BDE8B12AD5FFDF006CF72B /* AlbertSans-Medium.ttf in Resources */ = {isa = PBXBuildFile; fileRef = 18336E53540947E691305C4C /* AlbertSans-Medium.ttf */; };
		51BDE8B22AD5FFDF006CF72B /* AlbertSans-MediumItalic.ttf in Resources */ = {isa = PBXBuildFile; fileRef = 55AC34EB407849329AE54B10 /* AlbertSans-MediumItalic.ttf */; };
		51BDE8B32AD5FFDF006CF72B /* AlbertSans-SemiBold.ttf in Resources */ = {isa = PBXBuildFile; fileRef = 727A4AA578294BB8B29DFF97 /* AlbertSans-SemiBold.ttf */; };
		51BDE8B42AD5FFDF006CF72B /* AlbertSans-SemiBoldItalic.ttf in Resources */ = {isa = PBXBuildFile; fileRef = E7807C962FEA411DAE116582 /* AlbertSans-SemiBoldItalic.ttf */; };
		51BDE8B52AD5FFDF006CF72B /* AlbertSans-Thin.ttf in Resources */ = {isa = PBXBuildFile; fileRef = 0665FD33D8CC4EE5B91F83C7 /* AlbertSans-Thin.ttf */; };
		51BDE8B62AD5FFDF006CF72B /* AlbertSans-ThinItalic.ttf in Resources */ = {isa = PBXBuildFile; fileRef = 2CA9C347DB3A4A33A044ADBB /* AlbertSans-ThinItalic.ttf */; };
		536F5A47CA464486927E82B1 /* AlbertSans-BlackItalic.ttf in Resources */ = {isa = PBXBuildFile; fileRef = 57F5074F39D74067B3835E4C /* AlbertSans-BlackItalic.ttf */; };
		63B0E1E758E7B5848402B2B9 /* PrivacyInfo.xcprivacy in Resources */ = {isa = PBXBuildFile; fileRef = 28C547D7A8964C074604D4BA /* PrivacyInfo.xcprivacy */; };
		7251067324F6BA128CD4FAF0 /* libPods-FediReactNative-FediNightly.a in Frameworks */ = {isa = PBXBuildFile; fileRef = 04D9F11A9BC39505DD946EA4 /* libPods-FediReactNative-FediNightly.a */; };
		7AC4173906E545D5AAD23172 /* AlbertSans-MediumItalic.ttf in Resources */ = {isa = PBXBuildFile; fileRef = 55AC34EB407849329AE54B10 /* AlbertSans-MediumItalic.ttf */; };
		81AB9BB82411601600AC10FF /* GradientLaunch.storyboard in Resources */ = {isa = PBXBuildFile; fileRef = 81AB9BB72411601600AC10FF /* GradientLaunch.storyboard */; };
		8518EE77A1C34B05A09B712F /* AlbertSans-Black.ttf in Resources */ = {isa = PBXBuildFile; fileRef = C017C3C90B14478883674F23 /* AlbertSans-Black.ttf */; };
		9669CAA56EF84C4BBE47CA1C /* AlbertSans-LightItalic.ttf in Resources */ = {isa = PBXBuildFile; fileRef = D3A507DA54ED44A9B76ADA0D /* AlbertSans-LightItalic.ttf */; };
		976B441AB8FF436A8DB9CC91 /* AlbertSans-ExtraBold.ttf in Resources */ = {isa = PBXBuildFile; fileRef = 2B7020430C9340729EFFD0DE /* AlbertSans-ExtraBold.ttf */; };
		9951E94F79E74B61B89E0A50 /* AlbertSans-Thin.ttf in Resources */ = {isa = PBXBuildFile; fileRef = 0665FD33D8CC4EE5B91F83C7 /* AlbertSans-Thin.ttf */; };
		A1E81D9B2D4A9F92009B406B /* InfoPlist.strings in Resources */ = {isa = PBXBuildFile; fileRef = A1E81D992D4A9F92009B406B /* InfoPlist.strings */; };
		A1E81D9C2D4A9F92009B406B /* InfoPlist.strings in Resources */ = {isa = PBXBuildFile; fileRef = A1E81D992D4A9F92009B406B /* InfoPlist.strings */; };
		A6B11B2AA56E44BAB94CF63D /* AlbertSans-Light.ttf in Resources */ = {isa = PBXBuildFile; fileRef = EE31B700324A4A70BB91B5F7 /* AlbertSans-Light.ttf */; };
		B64E6B120C7D4BF89894DF2A /* AlbertSans-ThinItalic.ttf in Resources */ = {isa = PBXBuildFile; fileRef = 2CA9C347DB3A4A33A044ADBB /* AlbertSans-ThinItalic.ttf */; };
		BB56AE9D1B46C7DB7914AC82 /* libPods-FediReactNative-FediReactNativeTests.a in Frameworks */ = {isa = PBXBuildFile; fileRef = A78793F22F20F868C5729FCD /* libPods-FediReactNative-FediReactNativeTests.a */; };
		C708E68B70C4324481A23AE4 /* libPods-FediReactNative.a in Frameworks */ = {isa = PBXBuildFile; fileRef = 645940C0CD9AC78202694564 /* libPods-FediReactNative.a */; };
		C880FF5BC2074D18AAC059D6 /* AlbertSans-Italic.ttf in Resources */ = {isa = PBXBuildFile; fileRef = A2718C7E398D4E6D944B3C10 /* AlbertSans-Italic.ttf */; };
		CEAD846DB806C8334F7E8FB4 /* BuildFile in Frameworks */ = {isa = PBXBuildFile; };
		D0D73EFA2921E1C80059F06F /* FedimintFfi.m in Sources */ = {isa = PBXBuildFile; fileRef = D0D73EF92921E1C80059F06F /* FedimintFfi.m */; };
		D0D73EFB2921E1C80059F06F /* FedimintFfi.m in Sources */ = {isa = PBXBuildFile; fileRef = D0D73EF92921E1C80059F06F /* FedimintFfi.m */; };
		D0D73EFF2921E5480059F06F /* FedimintFfi.swift in Sources */ = {isa = PBXBuildFile; fileRef = D0D73EFE2921E5480059F06F /* FedimintFfi.swift */; };
		D0D73F002921E5480059F06F /* FedimintFfi.swift in Sources */ = {isa = PBXBuildFile; fileRef = D0D73EFE2921E5480059F06F /* FedimintFfi.swift */; };
		D1B096ABC10348A2AD287160 /* AlbertSans-ExtraLightItalic.ttf in Resources */ = {isa = PBXBuildFile; fileRef = 42187D2041144CAD89D9DD1E /* AlbertSans-ExtraLightItalic.ttf */; };
		DB56B1CCF54A4112B737871E /* AlbertSans-SemiBoldItalic.ttf in Resources */ = {isa = PBXBuildFile; fileRef = E7807C962FEA411DAE116582 /* AlbertSans-SemiBoldItalic.ttf */; };
		EC021CED38EA9932226589E0 /* PrivacyInfo.xcprivacy in Resources */ = {isa = PBXBuildFile; fileRef = 69BE1F7188AC9CF2966C017E /* PrivacyInfo.xcprivacy */; };
		F3FA384A62E446EFAA757304 /* AlbertSans-Regular.ttf in Resources */ = {isa = PBXBuildFile; fileRef = CA334607B4314C63BA2FFF2E /* AlbertSans-Regular.ttf */; };
		FA38AC8E2BFE793B007C7E9E /* GoogleService-Info.plist in Resources */ = {isa = PBXBuildFile; fileRef = FA38AC8D2BFE793B007C7E9E /* GoogleService-Info.plist */; };
		FA38AC912BFE794D007C7E9E /* GoogleService-Info.plist in Resources */ = {isa = PBXBuildFile; fileRef = FA38AC8F2BFE7945007C7E9E /* GoogleService-Info.plist */; };
		FA38AC932BFE7E30007C7E9E /* FediNightly-Info.plist in Resources */ = {isa = PBXBuildFile; fileRef = FA38AC922BFE7E28007C7E9E /* FediNightly-Info.plist */; };
		FAB825FA2BAD160D00B7EFD0 /* SimpleLaunch.storyboard in Resources */ = {isa = PBXBuildFile; fileRef = FAB825F92BAD160D00B7EFD0 /* SimpleLaunch.storyboard */; };
		FAB825FB2BAD160D00B7EFD0 /* SimpleLaunch.storyboard in Resources */ = {isa = PBXBuildFile; fileRef = FAB825F92BAD160D00B7EFD0 /* SimpleLaunch.storyboard */; };
/* End PBXBuildFile section */

/* Begin PBXContainerItemProxy section */
		00E356F41AD99517003FC87E /* PBXContainerItemProxy */ = {
			isa = PBXContainerItemProxy;
			containerPortal = 83CBB9F71A601CBA00E9B192 /* Project object */;
			proxyType = 1;
			remoteGlobalIDString = 13B07F861A680F5B00A75B9A;
			remoteInfo = FediReactNative;
		};
/* End PBXContainerItemProxy section */

/* Begin PBXFileReference section */
		00E356EE1AD99517003FC87E /* FediReactNativeTests.xctest */ = {isa = PBXFileReference; explicitFileType = wrapper.cfbundle; includeInIndex = 0; path = FediReactNativeTests.xctest; sourceTree = BUILT_PRODUCTS_DIR; };
		00E356F11AD99517003FC87E /* Info.plist */ = {isa = PBXFileReference; lastKnownFileType = text.plist.xml; path = Info.plist; sourceTree = "<group>"; };
		00E356F21AD99517003FC87E /* FediReactNativeTests.m */ = {isa = PBXFileReference; lastKnownFileType = sourcecode.c.objc; path = FediReactNativeTests.m; sourceTree = "<group>"; };
		04D9F11A9BC39505DD946EA4 /* libPods-FediReactNative-FediNightly.a */ = {isa = PBXFileReference; explicitFileType = archive.ar; includeInIndex = 0; path = "libPods-FediReactNative-FediNightly.a"; sourceTree = BUILT_PRODUCTS_DIR; };
		0665FD33D8CC4EE5B91F83C7 /* AlbertSans-Thin.ttf */ = {isa = PBXFileReference; explicitFileType = undefined; fileEncoding = 9; includeInIndex = 0; lastKnownFileType = unknown; name = "AlbertSans-Thin.ttf"; path = "../assets/fonts/AlbertSans-Thin.ttf"; sourceTree = "<group>"; };
		13B07F961A680F5B00A75B9A /* FediReactNative.app */ = {isa = PBXFileReference; explicitFileType = wrapper.application; includeInIndex = 0; path = FediReactNative.app; sourceTree = BUILT_PRODUCTS_DIR; };
		13B07FAF1A68108700A75B9A /* AppDelegate.h */ = {isa = PBXFileReference; fileEncoding = 4; lastKnownFileType = sourcecode.c.h; name = AppDelegate.h; path = FediReactNative/AppDelegate.h; sourceTree = "<group>"; };
		13B07FB01A68108700A75B9A /* AppDelegate.mm */ = {isa = PBXFileReference; fileEncoding = 4; lastKnownFileType = sourcecode.cpp.objcpp; name = AppDelegate.mm; path = FediReactNative/AppDelegate.mm; sourceTree = "<group>"; };
		13B07FB51A68108700A75B9A /* Images.xcassets */ = {isa = PBXFileReference; lastKnownFileType = folder.assetcatalog; name = Images.xcassets; path = FediReactNative/Images.xcassets; sourceTree = "<group>"; };
		13B07FB61A68108700A75B9A /* Info.plist */ = {isa = PBXFileReference; fileEncoding = 4; lastKnownFileType = text.plist.xml; name = Info.plist; path = FediReactNative/Info.plist; sourceTree = "<group>"; };
		13B07FB71A68108700A75B9A /* main.m */ = {isa = PBXFileReference; fileEncoding = 4; lastKnownFileType = sourcecode.c.objc; name = main.m; path = FediReactNative/main.m; sourceTree = "<group>"; };
		18336E53540947E691305C4C /* AlbertSans-Medium.ttf */ = {isa = PBXFileReference; explicitFileType = undefined; fileEncoding = 9; includeInIndex = 0; lastKnownFileType = unknown; name = "AlbertSans-Medium.ttf"; path = "../assets/fonts/AlbertSans-Medium.ttf"; sourceTree = "<group>"; };
		28C547D7A8964C074604D4BA /* PrivacyInfo.xcprivacy */ = {isa = PBXFileReference; includeInIndex = 1; lastKnownFileType = text.xml; name = PrivacyInfo.xcprivacy; path = FediReactNative/PrivacyInfo.xcprivacy; sourceTree = "<group>"; };
		2B7020430C9340729EFFD0DE /* AlbertSans-ExtraBold.ttf */ = {isa = PBXFileReference; explicitFileType = undefined; fileEncoding = 9; includeInIndex = 0; lastKnownFileType = unknown; name = "AlbertSans-ExtraBold.ttf"; path = "../assets/fonts/AlbertSans-ExtraBold.ttf"; sourceTree = "<group>"; };
		2CA9C347DB3A4A33A044ADBB /* AlbertSans-ThinItalic.ttf */ = {isa = PBXFileReference; explicitFileType = undefined; fileEncoding = 9; includeInIndex = 0; lastKnownFileType = unknown; name = "AlbertSans-ThinItalic.ttf"; path = "../assets/fonts/AlbertSans-ThinItalic.ttf"; sourceTree = "<group>"; };
		312DFEE4FBE3416993434E2C /* AlbertSans-BoldItalic.ttf */ = {isa = PBXFileReference; explicitFileType = undefined; fileEncoding = 9; includeInIndex = 0; lastKnownFileType = unknown; name = "AlbertSans-BoldItalic.ttf"; path = "../assets/fonts/AlbertSans-BoldItalic.ttf"; sourceTree = "<group>"; };
		3DD2FB1C26C641AEBCA7E84B /* AlbertSans-Bold.ttf */ = {isa = PBXFileReference; explicitFileType = undefined; fileEncoding = 9; includeInIndex = 0; lastKnownFileType = unknown; name = "AlbertSans-Bold.ttf"; path = "../assets/fonts/AlbertSans-Bold.ttf"; sourceTree = "<group>"; };
		42187D2041144CAD89D9DD1E /* AlbertSans-ExtraLightItalic.ttf */ = {isa = PBXFileReference; explicitFileType = undefined; fileEncoding = 9; includeInIndex = 0; lastKnownFileType = unknown; name = "AlbertSans-ExtraLightItalic.ttf"; path = "../assets/fonts/AlbertSans-ExtraLightItalic.ttf"; sourceTree = "<group>"; };
		51575EDA2946F9DA00720177 /* hermes.xcframework */ = {isa = PBXFileReference; lastKnownFileType = wrapper.xcframework; name = hermes.xcframework; path = "Pods/hermes-engine/destroot/Library/Frameworks/universal/hermes.xcframework"; sourceTree = "<group>"; };
		517E5CA729EF5E7000F3B65A /* OpenSSL.xcframework */ = {isa = PBXFileReference; lastKnownFileType = wrapper.xcframework; name = OpenSSL.xcframework; path = "Pods/OpenSSL-Universal/Frameworks/OpenSSL.xcframework"; sourceTree = "<group>"; };
		51AEF46B2A2BDBC600887043 /* FediReactNative.entitlements */ = {isa = PBXFileReference; lastKnownFileType = text.plist.entitlements; name = FediReactNative.entitlements; path = FediReactNative/FediReactNative.entitlements; sourceTree = "<group>"; };
		51BDE8C02AD5FFDF006CF72B /* FediNightly.app */ = {isa = PBXFileReference; explicitFileType = wrapper.application; includeInIndex = 0; path = FediNightly.app; sourceTree = BUILT_PRODUCTS_DIR; };
		51E5161D29C11D6200753F51 /* fedi-swift */ = {isa = PBXFileReference; lastKnownFileType = wrapper; name = "fedi-swift"; path = "../../../bridge/fedi-swift"; sourceTree = "<group>"; };
		55AC34EB407849329AE54B10 /* AlbertSans-MediumItalic.ttf */ = {isa = PBXFileReference; explicitFileType = undefined; fileEncoding = 9; includeInIndex = 0; lastKnownFileType = unknown; name = "AlbertSans-MediumItalic.ttf"; path = "../assets/fonts/AlbertSans-MediumItalic.ttf"; sourceTree = "<group>"; };
		57F5074F39D74067B3835E4C /* AlbertSans-BlackItalic.ttf */ = {isa = PBXFileReference; explicitFileType = undefined; fileEncoding = 9; includeInIndex = 0; lastKnownFileType = unknown; name = "AlbertSans-BlackItalic.ttf"; path = "../assets/fonts/AlbertSans-BlackItalic.ttf"; sourceTree = "<group>"; };
		6132EF172BDFF13200BBE14D /* PrivacyInfo.xcprivacy */ = {isa = PBXFileReference; lastKnownFileType = text.xml; name = PrivacyInfo.xcprivacy; path = FediReactNative/PrivacyInfo.xcprivacy; sourceTree = "<group>"; };
		645940C0CD9AC78202694564 /* libPods-FediReactNative.a */ = {isa = PBXFileReference; explicitFileType = archive.ar; includeInIndex = 0; path = "libPods-FediReactNative.a"; sourceTree = BUILT_PRODUCTS_DIR; };
		66358573FC1BA6095BE3FA97 /* Pods-FediReactNative.release.xcconfig */ = {isa = PBXFileReference; includeInIndex = 1; lastKnownFileType = text.xcconfig; name = "Pods-FediReactNative.release.xcconfig"; path = "Target Support Files/Pods-FediReactNative/Pods-FediReactNative.release.xcconfig"; sourceTree = "<group>"; };
		69BE1F7188AC9CF2966C017E /* PrivacyInfo.xcprivacy */ = {isa = PBXFileReference; includeInIndex = 1; lastKnownFileType = text.xml; name = PrivacyInfo.xcprivacy; path = FediReactNative/PrivacyInfo.xcprivacy; sourceTree = "<group>"; };
		727A4AA578294BB8B29DFF97 /* AlbertSans-SemiBold.ttf */ = {isa = PBXFileReference; explicitFileType = undefined; fileEncoding = 9; includeInIndex = 0; lastKnownFileType = unknown; name = "AlbertSans-SemiBold.ttf"; path = "../assets/fonts/AlbertSans-SemiBold.ttf"; sourceTree = "<group>"; };
		74127533118A8BCFD4A5DCB5 /* Pods-FediReactNative-FediNightly.release.xcconfig */ = {isa = PBXFileReference; includeInIndex = 1; lastKnownFileType = text.xcconfig; name = "Pods-FediReactNative-FediNightly.release.xcconfig"; path = "Target Support Files/Pods-FediReactNative-FediNightly/Pods-FediReactNative-FediNightly.release.xcconfig"; sourceTree = "<group>"; };
		7CC393CACA0C6BA9FE9B9F83 /* Pods-FediReactNative.debug.xcconfig */ = {isa = PBXFileReference; includeInIndex = 1; lastKnownFileType = text.xcconfig; name = "Pods-FediReactNative.debug.xcconfig"; path = "Target Support Files/Pods-FediReactNative/Pods-FediReactNative.debug.xcconfig"; sourceTree = "<group>"; };
		81AB9BB72411601600AC10FF /* GradientLaunch.storyboard */ = {isa = PBXFileReference; fileEncoding = 4; lastKnownFileType = file.storyboard; name = GradientLaunch.storyboard; path = FediReactNative/GradientLaunch.storyboard; sourceTree = "<group>"; };
		A1E81D9A2D4A9F92009B406B /* en */ = {isa = PBXFileReference; lastKnownFileType = text.plist.strings; name = en; path = en.lproj/InfoPlist.strings; sourceTree = "<group>"; };
		A1E81D9D2D4AA073009B406B /* fr */ = {isa = PBXFileReference; lastKnownFileType = text.plist.strings; name = fr; path = fr.lproj/InfoPlist.strings; sourceTree = "<group>"; };
		A1E81D9E2D4AA07D009B406B /* pt-BR */ = {isa = PBXFileReference; lastKnownFileType = text.plist.strings; name = "pt-BR"; path = "pt-BR.lproj/InfoPlist.strings"; sourceTree = "<group>"; };
		A1E81D9F2D4AA083009B406B /* pt-PT */ = {isa = PBXFileReference; lastKnownFileType = text.plist.strings; name = "pt-PT"; path = "pt-PT.lproj/InfoPlist.strings"; sourceTree = "<group>"; };
		A1E81DA02D4AA087009B406B /* es-419 */ = {isa = PBXFileReference; lastKnownFileType = text.plist.strings; name = "es-419"; path = "es-419.lproj/InfoPlist.strings"; sourceTree = "<group>"; };
		A1E81DA12D4AA08D009B406B /* id */ = {isa = PBXFileReference; lastKnownFileType = text.plist.strings; name = id; path = id.lproj/InfoPlist.strings; sourceTree = "<group>"; };
		A2718C7E398D4E6D944B3C10 /* AlbertSans-Italic.ttf */ = {isa = PBXFileReference; explicitFileType = undefined; fileEncoding = 9; includeInIndex = 0; lastKnownFileType = unknown; name = "AlbertSans-Italic.ttf"; path = "../assets/fonts/AlbertSans-Italic.ttf"; sourceTree = "<group>"; };
		A78793F22F20F868C5729FCD /* libPods-FediReactNative-FediReactNativeTests.a */ = {isa = PBXFileReference; explicitFileType = archive.ar; includeInIndex = 0; path = "libPods-FediReactNative-FediReactNativeTests.a"; sourceTree = BUILT_PRODUCTS_DIR; };
		B629B376C532DB5BE64CF38D /* Pods-FediReactNative-FediReactNativeTests.release.xcconfig */ = {isa = PBXFileReference; includeInIndex = 1; lastKnownFileType = text.xcconfig; name = "Pods-FediReactNative-FediReactNativeTests.release.xcconfig"; path = "Target Support Files/Pods-FediReactNative-FediReactNativeTests/Pods-FediReactNative-FediReactNativeTests.release.xcconfig"; sourceTree = "<group>"; };
		C017C3C90B14478883674F23 /* AlbertSans-Black.ttf */ = {isa = PBXFileReference; explicitFileType = undefined; fileEncoding = 9; includeInIndex = 0; lastKnownFileType = unknown; name = "AlbertSans-Black.ttf"; path = "../assets/fonts/AlbertSans-Black.ttf"; sourceTree = "<group>"; };
		CA334607B4314C63BA2FFF2E /* AlbertSans-Regular.ttf */ = {isa = PBXFileReference; explicitFileType = undefined; fileEncoding = 9; includeInIndex = 0; lastKnownFileType = unknown; name = "AlbertSans-Regular.ttf"; path = "../assets/fonts/AlbertSans-Regular.ttf"; sourceTree = "<group>"; };
		CBA5A20FFC084EEFB3339B92 /* AlbertSans-ExtraBoldItalic.ttf */ = {isa = PBXFileReference; explicitFileType = undefined; fileEncoding = 9; includeInIndex = 0; lastKnownFileType = unknown; name = "AlbertSans-ExtraBoldItalic.ttf"; path = "../assets/fonts/AlbertSans-ExtraBoldItalic.ttf"; sourceTree = "<group>"; };
		D0D73EF92921E1C80059F06F /* FedimintFfi.m */ = {isa = PBXFileReference; lastKnownFileType = sourcecode.c.objc; path = FedimintFfi.m; sourceTree = "<group>"; };
		D0D73EFC2921E5480059F06F /* FediReactNative-Bridging-Header.h */ = {isa = PBXFileReference; lastKnownFileType = sourcecode.c.h; path = "FediReactNative-Bridging-Header.h"; sourceTree = "<group>"; };
		D0D73EFE2921E5480059F06F /* FedimintFfi.swift */ = {isa = PBXFileReference; lastKnownFileType = sourcecode.swift; path = FedimintFfi.swift; sourceTree = "<group>"; };
		D225BA40674D4A54A544AF7B /* AlbertSans-ExtraLight.ttf */ = {isa = PBXFileReference; explicitFileType = undefined; fileEncoding = 9; includeInIndex = 0; lastKnownFileType = unknown; name = "AlbertSans-ExtraLight.ttf"; path = "../assets/fonts/AlbertSans-ExtraLight.ttf"; sourceTree = "<group>"; };
		D3A507DA54ED44A9B76ADA0D /* AlbertSans-LightItalic.ttf */ = {isa = PBXFileReference; explicitFileType = undefined; fileEncoding = 9; includeInIndex = 0; lastKnownFileType = unknown; name = "AlbertSans-LightItalic.ttf"; path = "../assets/fonts/AlbertSans-LightItalic.ttf"; sourceTree = "<group>"; };
		DBC5D5EE596713A20FA15FBB /* Pods-FediReactNative-FediNightly.debug.xcconfig */ = {isa = PBXFileReference; includeInIndex = 1; lastKnownFileType = text.xcconfig; name = "Pods-FediReactNative-FediNightly.debug.xcconfig"; path = "Target Support Files/Pods-FediReactNative-FediNightly/Pods-FediReactNative-FediNightly.debug.xcconfig"; sourceTree = "<group>"; };
		E7807C962FEA411DAE116582 /* AlbertSans-SemiBoldItalic.ttf */ = {isa = PBXFileReference; explicitFileType = undefined; fileEncoding = 9; includeInIndex = 0; lastKnownFileType = unknown; name = "AlbertSans-SemiBoldItalic.ttf"; path = "../assets/fonts/AlbertSans-SemiBoldItalic.ttf"; sourceTree = "<group>"; };
		ED297162215061F000B7C4FE /* JavaScriptCore.framework */ = {isa = PBXFileReference; lastKnownFileType = wrapper.framework; name = JavaScriptCore.framework; path = System/Library/Frameworks/JavaScriptCore.framework; sourceTree = SDKROOT; };
		EE31B700324A4A70BB91B5F7 /* AlbertSans-Light.ttf */ = {isa = PBXFileReference; explicitFileType = undefined; fileEncoding = 9; includeInIndex = 0; lastKnownFileType = unknown; name = "AlbertSans-Light.ttf"; path = "../assets/fonts/AlbertSans-Light.ttf"; sourceTree = "<group>"; };
		FA38AC8D2BFE793B007C7E9E /* GoogleService-Info.plist */ = {isa = PBXFileReference; fileEncoding = 4; lastKnownFileType = text.plist.xml; name = "GoogleService-Info.plist"; path = "firebase-alpha/GoogleService-Info.plist"; sourceTree = "<group>"; };
		FA38AC8F2BFE7945007C7E9E /* GoogleService-Info.plist */ = {isa = PBXFileReference; fileEncoding = 4; lastKnownFileType = text.plist.xml; name = "GoogleService-Info.plist"; path = "firebase-nightly/GoogleService-Info.plist"; sourceTree = "<group>"; };
		FA38AC922BFE7E28007C7E9E /* FediNightly-Info.plist */ = {isa = PBXFileReference; lastKnownFileType = text.plist.xml; path = "FediNightly-Info.plist"; sourceTree = "<group>"; };
		FA52DADFB3BE42105C86D221 /* Pods-FediReactNative-FediReactNativeTests.debug.xcconfig */ = {isa = PBXFileReference; includeInIndex = 1; lastKnownFileType = text.xcconfig; name = "Pods-FediReactNative-FediReactNativeTests.debug.xcconfig"; path = "Target Support Files/Pods-FediReactNative-FediReactNativeTests/Pods-FediReactNative-FediReactNativeTests.debug.xcconfig"; sourceTree = "<group>"; };
		FAB825F92BAD160D00B7EFD0 /* SimpleLaunch.storyboard */ = {isa = PBXFileReference; lastKnownFileType = file.storyboard; path = SimpleLaunch.storyboard; sourceTree = "<group>"; };
/* End PBXFileReference section */

/* Begin PBXFrameworksBuildPhase section */
		00E356EB1AD99517003FC87E /* Frameworks */ = {
			isa = PBXFrameworksBuildPhase;
			buildActionMask = 2147483647;
			files = (
				BB56AE9D1B46C7DB7914AC82 /* libPods-FediReactNative-FediReactNativeTests.a in Frameworks */,
			);
			runOnlyForDeploymentPostprocessing = 0;
		};
		13B07F8C1A680F5B00A75B9A /* Frameworks */ = {
			isa = PBXFrameworksBuildPhase;
			buildActionMask = 2147483647;
			files = (
				5118AA9C294A6A1700A41911 /* Fedi in Frameworks */,
				CEAD846DB806C8334F7E8FB4 /* BuildFile in Frameworks */,
				C708E68B70C4324481A23AE4 /* libPods-FediReactNative.a in Frameworks */,
			);
			runOnlyForDeploymentPostprocessing = 0;
		};
		51BDE89F2AD5FFDF006CF72B /* Frameworks */ = {
			isa = PBXFrameworksBuildPhase;
			buildActionMask = 2147483647;
			files = (
				51BDE8A02AD5FFDF006CF72B /* Fedi in Frameworks */,
				7251067324F6BA128CD4FAF0 /* libPods-FediReactNative-FediNightly.a in Frameworks */,
			);
			runOnlyForDeploymentPostprocessing = 0;
		};
/* End PBXFrameworksBuildPhase section */

/* Begin PBXGroup section */
		00E356EF1AD99517003FC87E /* FediReactNativeTests */ = {
			isa = PBXGroup;
			children = (
				00E356F21AD99517003FC87E /* FediReactNativeTests.m */,
				00E356F01AD99517003FC87E /* Supporting Files */,
			);
			path = FediReactNativeTests;
			sourceTree = "<group>";
		};
		00E356F01AD99517003FC87E /* Supporting Files */ = {
			isa = PBXGroup;
			children = (
				00E356F11AD99517003FC87E /* Info.plist */,
			);
			name = "Supporting Files";
			sourceTree = "<group>";
		};
		13B07FAE1A68108700A75B9A /* FediReactNative */ = {
			isa = PBXGroup;
			children = (
				FA38AC8D2BFE793B007C7E9E /* GoogleService-Info.plist */,
				FA38AC8F2BFE7945007C7E9E /* GoogleService-Info.plist */,
				FAB825F92BAD160D00B7EFD0 /* SimpleLaunch.storyboard */,
				51AEF46B2A2BDBC600887043 /* FediReactNative.entitlements */,
				13B07FAF1A68108700A75B9A /* AppDelegate.h */,
				13B07FB01A68108700A75B9A /* AppDelegate.mm */,
				13B07FB51A68108700A75B9A /* Images.xcassets */,
				13B07FB61A68108700A75B9A /* Info.plist */,
				A1E81D992D4A9F92009B406B /* InfoPlist.strings */,
				13B07FB71A68108700A75B9A /* main.m */,
				81AB9BB72411601600AC10FF /* GradientLaunch.storyboard */,
				28C547D7A8964C074604D4BA /* PrivacyInfo.xcprivacy */,
			);
			name = FediReactNative;
			sourceTree = "<group>";
		};
		2D16E6871FA4F8E400B85C8A /* Frameworks */ = {
			isa = PBXGroup;
			children = (
				517E5CA729EF5E7000F3B65A /* OpenSSL.xcframework */,
				51575EDA2946F9DA00720177 /* hermes.xcframework */,
				ED297162215061F000B7C4FE /* JavaScriptCore.framework */,
				A78793F22F20F868C5729FCD /* libPods-FediReactNative-FediReactNativeTests.a */,
				04D9F11A9BC39505DD946EA4 /* libPods-FediReactNative-FediNightly.a */,
				645940C0CD9AC78202694564 /* libPods-FediReactNative.a */,
			);
			name = Frameworks;
			sourceTree = "<group>";
		};
		832341AE1AAA6A7D00B99B32 /* Libraries */ = {
			isa = PBXGroup;
			children = (
			);
			name = Libraries;
			sourceTree = "<group>";
		};
		83CBB9F61A601CBA00E9B192 = {
			isa = PBXGroup;
			children = (
				6132EF172BDFF13200BBE14D /* PrivacyInfo.xcprivacy */,
				FA38AC922BFE7E28007C7E9E /* FediNightly-Info.plist */,
				D0B411D9292806D8007D447F /* Packages */,
				D0D73EFE2921E5480059F06F /* FedimintFfi.swift */,
				D0D73EF92921E1C80059F06F /* FedimintFfi.m */,
				13B07FAE1A68108700A75B9A /* FediReactNative */,
				832341AE1AAA6A7D00B99B32 /* Libraries */,
				00E356EF1AD99517003FC87E /* FediReactNativeTests */,
				83CBBA001A601CBA00E9B192 /* Products */,
				2D16E6871FA4F8E400B85C8A /* Frameworks */,
				BBD78D7AC51CEA395F1C20DB /* Pods */,
				D0D73EFC2921E5480059F06F /* FediReactNative-Bridging-Header.h */,
				F88983E10CC840958B359282 /* Resources */,
				69BE1F7188AC9CF2966C017E /* PrivacyInfo.xcprivacy */,
			);
			indentWidth = 2;
			sourceTree = "<group>";
			tabWidth = 2;
			usesTabs = 0;
			wrapsLines = 0;
		};
		83CBBA001A601CBA00E9B192 /* Products */ = {
			isa = PBXGroup;
			children = (
				13B07F961A680F5B00A75B9A /* FediReactNative.app */,
				00E356EE1AD99517003FC87E /* FediReactNativeTests.xctest */,
				51BDE8C02AD5FFDF006CF72B /* FediNightly.app */,
			);
			name = Products;
			sourceTree = "<group>";
		};
		BBD78D7AC51CEA395F1C20DB /* Pods */ = {
			isa = PBXGroup;
			children = (
				7CC393CACA0C6BA9FE9B9F83 /* Pods-FediReactNative.debug.xcconfig */,
				66358573FC1BA6095BE3FA97 /* Pods-FediReactNative.release.xcconfig */,
				FA52DADFB3BE42105C86D221 /* Pods-FediReactNative-FediReactNativeTests.debug.xcconfig */,
				B629B376C532DB5BE64CF38D /* Pods-FediReactNative-FediReactNativeTests.release.xcconfig */,
				DBC5D5EE596713A20FA15FBB /* Pods-FediReactNative-FediNightly.debug.xcconfig */,
				74127533118A8BCFD4A5DCB5 /* Pods-FediReactNative-FediNightly.release.xcconfig */,
			);
			path = Pods;
			sourceTree = "<group>";
		};
		D0B411D9292806D8007D447F /* Packages */ = {
			isa = PBXGroup;
			children = (
				51E5161D29C11D6200753F51 /* fedi-swift */,
			);
			name = Packages;
			sourceTree = "<group>";
		};
		F88983E10CC840958B359282 /* Resources */ = {
			isa = PBXGroup;
			children = (
				CA334607B4314C63BA2FFF2E /* AlbertSans-Regular.ttf */,
				C017C3C90B14478883674F23 /* AlbertSans-Black.ttf */,
				57F5074F39D74067B3835E4C /* AlbertSans-BlackItalic.ttf */,
				3DD2FB1C26C641AEBCA7E84B /* AlbertSans-Bold.ttf */,
				312DFEE4FBE3416993434E2C /* AlbertSans-BoldItalic.ttf */,
				2B7020430C9340729EFFD0DE /* AlbertSans-ExtraBold.ttf */,
				CBA5A20FFC084EEFB3339B92 /* AlbertSans-ExtraBoldItalic.ttf */,
				D225BA40674D4A54A544AF7B /* AlbertSans-ExtraLight.ttf */,
				42187D2041144CAD89D9DD1E /* AlbertSans-ExtraLightItalic.ttf */,
				A2718C7E398D4E6D944B3C10 /* AlbertSans-Italic.ttf */,
				EE31B700324A4A70BB91B5F7 /* AlbertSans-Light.ttf */,
				D3A507DA54ED44A9B76ADA0D /* AlbertSans-LightItalic.ttf */,
				18336E53540947E691305C4C /* AlbertSans-Medium.ttf */,
				55AC34EB407849329AE54B10 /* AlbertSans-MediumItalic.ttf */,
				727A4AA578294BB8B29DFF97 /* AlbertSans-SemiBold.ttf */,
				E7807C962FEA411DAE116582 /* AlbertSans-SemiBoldItalic.ttf */,
				0665FD33D8CC4EE5B91F83C7 /* AlbertSans-Thin.ttf */,
				2CA9C347DB3A4A33A044ADBB /* AlbertSans-ThinItalic.ttf */,
			);
			name = Resources;
			sourceTree = "<group>";
		};
/* End PBXGroup section */

/* Begin PBXNativeTarget section */
		00E356ED1AD99517003FC87E /* FediReactNativeTests */ = {
			isa = PBXNativeTarget;
			buildConfigurationList = 00E357021AD99517003FC87E /* Build configuration list for PBXNativeTarget "FediReactNativeTests" */;
			buildPhases = (
				B7A4BFF5398F1746746680E8 /* [CP] Check Pods Manifest.lock */,
				00E356EA1AD99517003FC87E /* Sources */,
				00E356EB1AD99517003FC87E /* Frameworks */,
				00E356EC1AD99517003FC87E /* Resources */,
				8345F41416E0FEA06D06442C /* [CP] Embed Pods Frameworks */,
				2856C91939E0ED747463EBD0 /* [CP] Copy Pods Resources */,
			);
			buildRules = (
			);
			dependencies = (
				00E356F51AD99517003FC87E /* PBXTargetDependency */,
			);
			name = FediReactNativeTests;
			productName = FediReactNativeTests;
			productReference = 00E356EE1AD99517003FC87E /* FediReactNativeTests.xctest */;
			productType = "com.apple.product-type.bundle.unit-test";
		};
		13B07F861A680F5B00A75B9A /* FediReactNative */ = {
			isa = PBXNativeTarget;
			buildConfigurationList = 13B07F931A680F5B00A75B9A /* Build configuration list for PBXNativeTarget "FediReactNative" */;
			buildPhases = (
				AEE437118E073FFA124F936E /* [CP] Check Pods Manifest.lock */,
				13B07F871A680F5B00A75B9A /* Sources */,
				13B07F8C1A680F5B00A75B9A /* Frameworks */,
				13B07F8E1A680F5B00A75B9A /* Resources */,
				00DD1BFF1BD5951E006B06BC /* Bundle React Native code and images */,
				5E89027A1C7AE51885F9F4D1 /* [CP] Embed Pods Frameworks */,
				55EDEAB12A132C16C4AE3A36 /* [CP] Copy Pods Resources */,
				4F07992A01BD5A4B823B80D2 /* [CP-User] [RNFB] Core Configuration */,
			);
			buildRules = (
			);
			dependencies = (
			);
			name = FediReactNative;
			packageProductDependencies = (
				5118AA9B294A6A1700A41911 /* Fedi */,
			);
			productName = FediReactNative;
			productReference = 13B07F961A680F5B00A75B9A /* FediReactNative.app */;
			productType = "com.apple.product-type.application";
		};
		51BDE8962AD5FFDF006CF72B /* FediNightly */ = {
			isa = PBXNativeTarget;
			buildConfigurationList = 51BDE8BD2AD5FFDF006CF72B /* Build configuration list for PBXNativeTarget "FediNightly" */;
			buildPhases = (
				51BDE8982AD5FFDF006CF72B /* [CP] Check Pods Manifest.lock */,
				51BDE8992AD5FFDF006CF72B /* Start Packager */,
				51BDE89A2AD5FFDF006CF72B /* Sources */,
				51BDE89F2AD5FFDF006CF72B /* Frameworks */,
				51BDE8A22AD5FFDF006CF72B /* Resources */,
				51BDE8B82AD5FFDF006CF72B /* Bundle React Native code and images */,
				51BDE8BA2AD5FFDF006CF72B /* [CP] Embed Pods Frameworks */,
				51BDE8BB2AD5FFDF006CF72B /* [CP] Copy Pods Resources */,
			);
			buildRules = (
			);
			dependencies = (
			);
			name = FediNightly;
			packageProductDependencies = (
				51BDE8972AD5FFDF006CF72B /* Fedi */,
			);
			productName = FediReactNative;
			productReference = 51BDE8C02AD5FFDF006CF72B /* FediNightly.app */;
			productType = "com.apple.product-type.application";
		};
/* End PBXNativeTarget section */

/* Begin PBXProject section */
		83CBB9F71A601CBA00E9B192 /* Project object */ = {
			isa = PBXProject;
			attributes = {
				LastUpgradeCheck = 1210;
				TargetAttributes = {
					00E356ED1AD99517003FC87E = {
						CreatedOnToolsVersion = 6.2;
						LastSwiftMigration = 1340;
						TestTargetID = 13B07F861A680F5B00A75B9A;
					};
					13B07F861A680F5B00A75B9A = {
						LastSwiftMigration = 1340;
					};
				};
			};
			buildConfigurationList = 83CBB9FA1A601CBA00E9B192 /* Build configuration list for PBXProject "FediReactNative" */;
			compatibilityVersion = "Xcode 12.0";
			developmentRegion = en;
			hasScannedForEncodings = 0;
			knownRegions = (
				en,
				Base,
				fr,
				"pt-BR",
				"pt-PT",
				"es-419",
				id,
			);
			mainGroup = 83CBB9F61A601CBA00E9B192;
			productRefGroup = 83CBBA001A601CBA00E9B192 /* Products */;
			projectDirPath = "";
			projectRoot = "";
			targets = (
				13B07F861A680F5B00A75B9A /* FediReactNative */,
				00E356ED1AD99517003FC87E /* FediReactNativeTests */,
				51BDE8962AD5FFDF006CF72B /* FediNightly */,
			);
		};
/* End PBXProject section */

/* Begin PBXResourcesBuildPhase section */
		00E356EC1AD99517003FC87E /* Resources */ = {
			isa = PBXResourcesBuildPhase;
			buildActionMask = 2147483647;
			files = (
			);
			runOnlyForDeploymentPostprocessing = 0;
		};
		13B07F8E1A680F5B00A75B9A /* Resources */ = {
			isa = PBXResourcesBuildPhase;
			buildActionMask = 2147483647;
			files = (
				81AB9BB82411601600AC10FF /* GradientLaunch.storyboard in Resources */,
				A1E81D9B2D4A9F92009B406B /* InfoPlist.strings in Resources */,
				13B07FBF1A68108700A75B9A /* Images.xcassets in Resources */,
				F3FA384A62E446EFAA757304 /* AlbertSans-Regular.ttf in Resources */,
				8518EE77A1C34B05A09B712F /* AlbertSans-Black.ttf in Resources */,
				536F5A47CA464486927E82B1 /* AlbertSans-BlackItalic.ttf in Resources */,
				0F2639AA472F4F5EB7B94A96 /* AlbertSans-Bold.ttf in Resources */,
				FAB825FA2BAD160D00B7EFD0 /* SimpleLaunch.storyboard in Resources */,
				052DFDACB82C4A24B134DAAB /* AlbertSans-BoldItalic.ttf in Resources */,
				976B441AB8FF436A8DB9CC91 /* AlbertSans-ExtraBold.ttf in Resources */,
				14831B7E23D94F7999D23385 /* AlbertSans-ExtraBoldItalic.ttf in Resources */,
				10AE0C9848544FCB960B3F97 /* AlbertSans-ExtraLight.ttf in Resources */,
				D1B096ABC10348A2AD287160 /* AlbertSans-ExtraLightItalic.ttf in Resources */,
				C880FF5BC2074D18AAC059D6 /* AlbertSans-Italic.ttf in Resources */,
				A6B11B2AA56E44BAB94CF63D /* AlbertSans-Light.ttf in Resources */,
				9669CAA56EF84C4BBE47CA1C /* AlbertSans-LightItalic.ttf in Resources */,
				0ABFF7C00ED140BC92E67AE0 /* AlbertSans-Medium.ttf in Resources */,
				7AC4173906E545D5AAD23172 /* AlbertSans-MediumItalic.ttf in Resources */,
				12D5236EEF5647A9AB3C8F5F /* AlbertSans-SemiBold.ttf in Resources */,
				DB56B1CCF54A4112B737871E /* AlbertSans-SemiBoldItalic.ttf in Resources */,
				FA38AC8E2BFE793B007C7E9E /* GoogleService-Info.plist in Resources */,
				9951E94F79E74B61B89E0A50 /* AlbertSans-Thin.ttf in Resources */,
				B64E6B120C7D4BF89894DF2A /* AlbertSans-ThinItalic.ttf in Resources */,
				63B0E1E758E7B5848402B2B9 /* PrivacyInfo.xcprivacy in Resources */,
			);
			runOnlyForDeploymentPostprocessing = 0;
		};
		51BDE8A22AD5FFDF006CF72B /* Resources */ = {
			isa = PBXResourcesBuildPhase;
			buildActionMask = 2147483647;
			files = (
				51BDE8A32AD5FFDF006CF72B /* GradientLaunch.storyboard in Resources */,
				51BDE8A42AD5FFDF006CF72B /* Images.xcassets in Resources */,
				51BDE8A52AD5FFDF006CF72B /* AlbertSans-Regular.ttf in Resources */,
				51BDE8A62AD5FFDF006CF72B /* AlbertSans-Black.ttf in Resources */,
				51BDE8A72AD5FFDF006CF72B /* AlbertSans-BlackItalic.ttf in Resources */,
				51BDE8A82AD5FFDF006CF72B /* AlbertSans-Bold.ttf in Resources */,
				FA38AC932BFE7E30007C7E9E /* FediNightly-Info.plist in Resources */,
				FAB825FB2BAD160D00B7EFD0 /* SimpleLaunch.storyboard in Resources */,
				51BDE8A92AD5FFDF006CF72B /* AlbertSans-BoldItalic.ttf in Resources */,
				51BDE8AA2AD5FFDF006CF72B /* AlbertSans-ExtraBold.ttf in Resources */,
				51BDE8AB2AD5FFDF006CF72B /* AlbertSans-ExtraBoldItalic.ttf in Resources */,
				51BDE8AC2AD5FFDF006CF72B /* AlbertSans-ExtraLight.ttf in Resources */,
				51BDE8AD2AD5FFDF006CF72B /* AlbertSans-ExtraLightItalic.ttf in Resources */,
				51BDE8AE2AD5FFDF006CF72B /* AlbertSans-Italic.ttf in Resources */,
				51BDE8AF2AD5FFDF006CF72B /* AlbertSans-Light.ttf in Resources */,
				51BDE8B02AD5FFDF006CF72B /* AlbertSans-LightItalic.ttf in Resources */,
				51BDE8B12AD5FFDF006CF72B /* AlbertSans-Medium.ttf in Resources */,
				51BDE8B22AD5FFDF006CF72B /* AlbertSans-MediumItalic.ttf in Resources */,
				51BDE8B32AD5FFDF006CF72B /* AlbertSans-SemiBold.ttf in Resources */,
				A1E81D9C2D4A9F92009B406B /* InfoPlist.strings in Resources */,
				51BDE8B42AD5FFDF006CF72B /* AlbertSans-SemiBoldItalic.ttf in Resources */,
				FA38AC912BFE794D007C7E9E /* GoogleService-Info.plist in Resources */,
				51BDE8B52AD5FFDF006CF72B /* AlbertSans-Thin.ttf in Resources */,
				51BDE8B62AD5FFDF006CF72B /* AlbertSans-ThinItalic.ttf in Resources */,
				EC021CED38EA9932226589E0 /* PrivacyInfo.xcprivacy in Resources */,
			);
			runOnlyForDeploymentPostprocessing = 0;
		};
/* End PBXResourcesBuildPhase section */

/* Begin PBXShellScriptBuildPhase section */
		00DD1BFF1BD5951E006B06BC /* Bundle React Native code and images */ = {
			isa = PBXShellScriptBuildPhase;
			buildActionMask = 2147483647;
			files = (
			);
			inputPaths = (
				"$(SRCROOT)/.xcode.env.local",
				"$(SRCROOT)/.xcode.env",
			);
			name = "Bundle React Native code and images";
			outputPaths = (
			);
			runOnlyForDeploymentPostprocessing = 0;
			shellPath = /bin/sh;
			shellScript = "export PROJECT_ROOT=$PWD/..\nset -e\n\nWITH_ENVIRONMENT=\"$REACT_NATIVE_PATH/scripts/xcode/with-environment.sh\"\nREACT_NATIVE_XCODE=\"$REACT_NATIVE_PATH/scripts/react-native-xcode.sh\"\n\n/bin/sh -c \"$WITH_ENVIRONMENT $REACT_NATIVE_XCODE\"\n";
		};
		2856C91939E0ED747463EBD0 /* [CP] Copy Pods Resources */ = {
			isa = PBXShellScriptBuildPhase;
			buildActionMask = 2147483647;
			files = (
			);
			inputFileListPaths = (
				"${PODS_ROOT}/Target Support Files/Pods-FediReactNative-FediReactNativeTests/Pods-FediReactNative-FediReactNativeTests-resources-${CONFIGURATION}-input-files.xcfilelist",
			);
			name = "[CP] Copy Pods Resources";
			outputFileListPaths = (
				"${PODS_ROOT}/Target Support Files/Pods-FediReactNative-FediReactNativeTests/Pods-FediReactNative-FediReactNativeTests-resources-${CONFIGURATION}-output-files.xcfilelist",
			);
			runOnlyForDeploymentPostprocessing = 0;
			shellPath = /bin/sh;
			shellScript = "\"${PODS_ROOT}/Target Support Files/Pods-FediReactNative-FediReactNativeTests/Pods-FediReactNative-FediReactNativeTests-resources.sh\"\n";
			showEnvVarsInLog = 0;
		};
		4F07992A01BD5A4B823B80D2 /* [CP-User] [RNFB] Core Configuration */ = {
			isa = PBXShellScriptBuildPhase;
			buildActionMask = 2147483647;
			files = (
			);
			inputPaths = (
				"$(BUILT_PRODUCTS_DIR)/$(INFOPLIST_PATH)",
			);
			name = "[CP-User] [RNFB] Core Configuration";
			runOnlyForDeploymentPostprocessing = 0;
			shellPath = /bin/sh;
			shellScript = "#!/usr/bin/env bash\n#\n# Copyright (c) 2016-present Invertase Limited & Contributors\n#\n# Licensed under the Apache License, Version 2.0 (the \"License\");\n# you may not use this library except in compliance with the License.\n# You may obtain a copy of the License at\n#\n#   http://www.apache.org/licenses/LICENSE-2.0\n#\n# Unless required by applicable law or agreed to in writing, software\n# distributed under the License is distributed on an \"AS IS\" BASIS,\n# WITHOUT WARRANTIES OR CONDITIONS OF ANY KIND, either express or implied.\n# See the License for the specific language governing permissions and\n# limitations under the License.\n#\n\n##########################################################################\n##########################################################################\n#\n#  NOTE THAT IF YOU CHANGE THIS FILE YOU MUST RUN pod install AFTERWARDS\n#\n#  This file is installed as an Xcode build script in the project file\n#  by cocoapods, and you will not see your changes until you pod install\n#\n##########################################################################\n##########################################################################\n\nset -e\n\n_MAX_LOOKUPS=2;\n_SEARCH_RESULT=''\n_RN_ROOT_EXISTS=''\n_CURRENT_LOOKUPS=1\n_JSON_ROOT=\"'react-native'\"\n_JSON_FILE_NAME='firebase.json'\n_JSON_OUTPUT_BASE64='e30=' # { }\n_CURRENT_SEARCH_DIR=${PROJECT_DIR}\n_PLIST_BUDDY=/usr/libexec/PlistBuddy\n_TARGET_PLIST=\"${BUILT_PRODUCTS_DIR}/${INFOPLIST_PATH}\"\n_DSYM_PLIST=\"${DWARF_DSYM_FOLDER_PATH}/${DWARF_DSYM_FILE_NAME}/Contents/Info.plist\"\n\n# plist arrays\n_PLIST_ENTRY_KEYS=()\n_PLIST_ENTRY_TYPES=()\n_PLIST_ENTRY_VALUES=()\n\nfunction setPlistValue {\n  echo \"info:      setting plist entry '$1' of type '$2' in file '$4'\"\n  ${_PLIST_BUDDY} -c \"Add :$1 $2 '$3'\" $4 || echo \"info:      '$1' already exists\"\n}\n\nfunction getFirebaseJsonKeyValue () {\n  if [[ ${_RN_ROOT_EXISTS} ]]; then\n    ruby -Ku -e \"require 'rubygems';require 'json'; output=JSON.parse('$1'); puts output[$_JSON_ROOT]['$2']\"\n  else\n    echo \"\"\n  fi;\n}\n\nfunction jsonBoolToYesNo () {\n  if [[ $1 == \"false\" ]]; then\n    echo \"NO\"\n  elif [[ $1 == \"true\" ]]; then\n    echo \"YES\"\n  else echo \"NO\"\n  fi\n}\n\necho \"info: -> RNFB build script started\"\necho \"info: 1) Locating ${_JSON_FILE_NAME} file:\"\n\nif [[ -z ${_CURRENT_SEARCH_DIR} ]]; then\n  _CURRENT_SEARCH_DIR=$(pwd)\nfi;\n\nwhile true; do\n  _CURRENT_SEARCH_DIR=$(dirname \"$_CURRENT_SEARCH_DIR\")\n  if [[ \"$_CURRENT_SEARCH_DIR\" == \"/\" ]] || [[ ${_CURRENT_LOOKUPS} -gt ${_MAX_LOOKUPS} ]]; then break; fi;\n  echo \"info:      ($_CURRENT_LOOKUPS of $_MAX_LOOKUPS) Searching in '$_CURRENT_SEARCH_DIR' for a ${_JSON_FILE_NAME} file.\"\n  _SEARCH_RESULT=$(find \"$_CURRENT_SEARCH_DIR\" -maxdepth 2 -name ${_JSON_FILE_NAME} -print | /usr/bin/head -n 1)\n  if [[ ${_SEARCH_RESULT} ]]; then\n    echo \"info:      ${_JSON_FILE_NAME} found at $_SEARCH_RESULT\"\n    break;\n  fi;\n  _CURRENT_LOOKUPS=$((_CURRENT_LOOKUPS+1))\ndone\n\nif [[ ${_SEARCH_RESULT} ]]; then\n  _JSON_OUTPUT_RAW=$(cat \"${_SEARCH_RESULT}\")\n  _RN_ROOT_EXISTS=$(ruby -Ku -e \"require 'rubygems';require 'json'; output=JSON.parse('$_JSON_OUTPUT_RAW'); puts output[$_JSON_ROOT]\" || echo '')\n\n  if [[ ${_RN_ROOT_EXISTS} ]]; then\n    if ! python3 --version >/dev/null 2>&1; then echo \"python3 not found, firebase.json file processing error.\" && exit 1; fi\n    _JSON_OUTPUT_BASE64=$(python3 -c 'import json,sys,base64;print(base64.b64encode(bytes(json.dumps(json.loads(open('\"'${_SEARCH_RESULT}'\"', '\"'rb'\"').read())['${_JSON_ROOT}']), '\"'utf-8'\"')).decode())' || echo \"e30=\")\n  fi\n\n  _PLIST_ENTRY_KEYS+=(\"firebase_json_raw\")\n  _PLIST_ENTRY_TYPES+=(\"string\")\n  _PLIST_ENTRY_VALUES+=(\"$_JSON_OUTPUT_BASE64\")\n\n  # config.app_data_collection_default_enabled\n  _APP_DATA_COLLECTION_ENABLED=$(getFirebaseJsonKeyValue \"$_JSON_OUTPUT_RAW\" \"app_data_collection_default_enabled\")\n  if [[ $_APP_DATA_COLLECTION_ENABLED ]]; then\n    _PLIST_ENTRY_KEYS+=(\"FirebaseDataCollectionDefaultEnabled\")\n    _PLIST_ENTRY_TYPES+=(\"bool\")\n    _PLIST_ENTRY_VALUES+=(\"$(jsonBoolToYesNo \"$_APP_DATA_COLLECTION_ENABLED\")\")\n  fi\n\n  # config.analytics_auto_collection_enabled\n  _ANALYTICS_AUTO_COLLECTION=$(getFirebaseJsonKeyValue \"$_JSON_OUTPUT_RAW\" \"analytics_auto_collection_enabled\")\n  if [[ $_ANALYTICS_AUTO_COLLECTION ]]; then\n    _PLIST_ENTRY_KEYS+=(\"FIREBASE_ANALYTICS_COLLECTION_ENABLED\")\n    _PLIST_ENTRY_TYPES+=(\"bool\")\n    _PLIST_ENTRY_VALUES+=(\"$(jsonBoolToYesNo \"$_ANALYTICS_AUTO_COLLECTION\")\")\n  fi\n\n  # config.analytics_collection_deactivated\n  _ANALYTICS_DEACTIVATED=$(getFirebaseJsonKeyValue \"$_JSON_OUTPUT_RAW\" \"analytics_collection_deactivated\")\n  if [[ $_ANALYTICS_DEACTIVATED ]]; then\n    _PLIST_ENTRY_KEYS+=(\"FIREBASE_ANALYTICS_COLLECTION_DEACTIVATED\")\n    _PLIST_ENTRY_TYPES+=(\"bool\")\n    _PLIST_ENTRY_VALUES+=(\"$(jsonBoolToYesNo \"$_ANALYTICS_DEACTIVATED\")\")\n  fi\n\n  # config.analytics_idfv_collection_enabled\n  _ANALYTICS_IDFV_COLLECTION=$(getFirebaseJsonKeyValue \"$_JSON_OUTPUT_RAW\" \"analytics_idfv_collection_enabled\")\n  if [[ $_ANALYTICS_IDFV_COLLECTION ]]; then\n    _PLIST_ENTRY_KEYS+=(\"GOOGLE_ANALYTICS_IDFV_COLLECTION_ENABLED\")\n    _PLIST_ENTRY_TYPES+=(\"bool\")\n    _PLIST_ENTRY_VALUES+=(\"$(jsonBoolToYesNo \"$_ANALYTICS_IDFV_COLLECTION\")\")\n  fi\n\n  # config.analytics_default_allow_analytics_storage\n  _ANALYTICS_STORAGE=$(getFirebaseJsonKeyValue \"$_JSON_OUTPUT_RAW\" \"analytics_default_allow_analytics_storage\")\n  if [[ $_ANALYTICS_STORAGE ]]; then\n    _PLIST_ENTRY_KEYS+=(\"GOOGLE_ANALYTICS_DEFAULT_ALLOW_ANALYTICS_STORAGE\")\n    _PLIST_ENTRY_TYPES+=(\"bool\")\n    _PLIST_ENTRY_VALUES+=(\"$(jsonBoolToYesNo \"$_ANALYTICS_STORAGE\")\")\n  fi\n\n  # config.analytics_default_allow_ad_storage\n  _ANALYTICS_AD_STORAGE=$(getFirebaseJsonKeyValue \"$_JSON_OUTPUT_RAW\" \"analytics_default_allow_ad_storage\")\n  if [[ $_ANALYTICS_AD_STORAGE ]]; then\n    _PLIST_ENTRY_KEYS+=(\"GOOGLE_ANALYTICS_DEFAULT_ALLOW_AD_STORAGE\")\n    _PLIST_ENTRY_TYPES+=(\"bool\")\n    _PLIST_ENTRY_VALUES+=(\"$(jsonBoolToYesNo \"$_ANALYTICS_AD_STORAGE\")\")\n  fi\n\n  # config.analytics_default_allow_ad_user_data\n  _ANALYTICS_AD_USER_DATA=$(getFirebaseJsonKeyValue \"$_JSON_OUTPUT_RAW\" \"analytics_default_allow_ad_user_data\")\n  if [[ $_ANALYTICS_AD_USER_DATA ]]; then\n    _PLIST_ENTRY_KEYS+=(\"GOOGLE_ANALYTICS_DEFAULT_ALLOW_AD_USER_DATA\")\n    _PLIST_ENTRY_TYPES+=(\"bool\")\n    _PLIST_ENTRY_VALUES+=(\"$(jsonBoolToYesNo \"$_ANALYTICS_AD_USER_DATA\")\")\n  fi\n\n  # config.analytics_default_allow_ad_personalization_signals\n  _ANALYTICS_PERSONALIZATION=$(getFirebaseJsonKeyValue \"$_JSON_OUTPUT_RAW\" \"analytics_default_allow_ad_personalization_signals\")\n  if [[ $_ANALYTICS_PERSONALIZATION ]]; then\n    _PLIST_ENTRY_KEYS+=(\"GOOGLE_ANALYTICS_DEFAULT_ALLOW_AD_PERSONALIZATION_SIGNALS\")\n    _PLIST_ENTRY_TYPES+=(\"bool\")\n    _PLIST_ENTRY_VALUES+=(\"$(jsonBoolToYesNo \"$_ANALYTICS_PERSONALIZATION\")\")\n  fi\n\n  # config.analytics_registration_with_ad_network_enabled\n  _ANALYTICS_REGISTRATION_WITH_AD_NETWORK=$(getFirebaseJsonKeyValue \"$_JSON_OUTPUT_RAW\" \"google_analytics_registration_with_ad_network_enabled\")\n  if [[ $_ANALYTICS_REGISTRATION_WITH_AD_NETWORK ]]; then\n    _PLIST_ENTRY_KEYS+=(\"GOOGLE_ANALYTICS_REGISTRATION_WITH_AD_NETWORK_ENABLED\")\n    _PLIST_ENTRY_TYPES+=(\"bool\")\n    _PLIST_ENTRY_VALUES+=(\"$(jsonBoolToYesNo \"$_ANALYTICS_REGISTRATION_WITH_AD_NETWORK\")\")\n  fi\n\n  # config.google_analytics_automatic_screen_reporting_enabled\n  _ANALYTICS_AUTO_SCREEN_REPORTING=$(getFirebaseJsonKeyValue \"$_JSON_OUTPUT_RAW\" \"google_analytics_automatic_screen_reporting_enabled\")\n  if [[ $_ANALYTICS_AUTO_SCREEN_REPORTING ]]; then\n    _PLIST_ENTRY_KEYS+=(\"FirebaseAutomaticScreenReportingEnabled\")\n    _PLIST_ENTRY_TYPES+=(\"bool\")\n    _PLIST_ENTRY_VALUES+=(\"$(jsonBoolToYesNo \"$_ANALYTICS_AUTO_SCREEN_REPORTING\")\")\n  fi\n\n  # config.perf_auto_collection_enabled\n  _PERF_AUTO_COLLECTION=$(getFirebaseJsonKeyValue \"$_JSON_OUTPUT_RAW\" \"perf_auto_collection_enabled\")\n  if [[ $_PERF_AUTO_COLLECTION ]]; then\n    _PLIST_ENTRY_KEYS+=(\"firebase_performance_collection_enabled\")\n    _PLIST_ENTRY_TYPES+=(\"bool\")\n    _PLIST_ENTRY_VALUES+=(\"$(jsonBoolToYesNo \"$_PERF_AUTO_COLLECTION\")\")\n  fi\n\n  # config.perf_collection_deactivated\n  _PERF_DEACTIVATED=$(getFirebaseJsonKeyValue \"$_JSON_OUTPUT_RAW\" \"perf_collection_deactivated\")\n  if [[ $_PERF_DEACTIVATED ]]; then\n    _PLIST_ENTRY_KEYS+=(\"firebase_performance_collection_deactivated\")\n    _PLIST_ENTRY_TYPES+=(\"bool\")\n    _PLIST_ENTRY_VALUES+=(\"$(jsonBoolToYesNo \"$_PERF_DEACTIVATED\")\")\n  fi\n\n  # config.messaging_auto_init_enabled\n  _MESSAGING_AUTO_INIT=$(getFirebaseJsonKeyValue \"$_JSON_OUTPUT_RAW\" \"messaging_auto_init_enabled\")\n  if [[ $_MESSAGING_AUTO_INIT ]]; then\n    _PLIST_ENTRY_KEYS+=(\"FirebaseMessagingAutoInitEnabled\")\n    _PLIST_ENTRY_TYPES+=(\"bool\")\n    _PLIST_ENTRY_VALUES+=(\"$(jsonBoolToYesNo \"$_MESSAGING_AUTO_INIT\")\")\n  fi\n\n  # config.in_app_messaging_auto_colllection_enabled\n  _FIAM_AUTO_INIT=$(getFirebaseJsonKeyValue \"$_JSON_OUTPUT_RAW\" \"in_app_messaging_auto_collection_enabled\")\n  if [[ $_FIAM_AUTO_INIT ]]; then\n    _PLIST_ENTRY_KEYS+=(\"FirebaseInAppMessagingAutomaticDataCollectionEnabled\")\n    _PLIST_ENTRY_TYPES+=(\"bool\")\n    _PLIST_ENTRY_VALUES+=(\"$(jsonBoolToYesNo \"$_FIAM_AUTO_INIT\")\")\n  fi\n\n  # config.app_check_token_auto_refresh\n  _APP_CHECK_TOKEN_AUTO_REFRESH=$(getFirebaseJsonKeyValue \"$_JSON_OUTPUT_RAW\" \"app_check_token_auto_refresh\")\n  if [[ $_APP_CHECK_TOKEN_AUTO_REFRESH ]]; then\n    _PLIST_ENTRY_KEYS+=(\"FirebaseAppCheckTokenAutoRefreshEnabled\")\n    _PLIST_ENTRY_TYPES+=(\"bool\")\n    _PLIST_ENTRY_VALUES+=(\"$(jsonBoolToYesNo \"$_APP_CHECK_TOKEN_AUTO_REFRESH\")\")\n  fi\n\n  # config.crashlytics_disable_auto_disabler - undocumented for now - mainly for debugging, document if becomes useful\n  _CRASHLYTICS_AUTO_DISABLE_ENABLED=$(getFirebaseJsonKeyValue \"$_JSON_OUTPUT_RAW\" \"crashlytics_disable_auto_disabler\")\n  if [[ $_CRASHLYTICS_AUTO_DISABLE_ENABLED == \"true\" ]]; then\n    echo \"Disabled Crashlytics auto disabler.\" # do nothing\n  else\n    _PLIST_ENTRY_KEYS+=(\"FirebaseCrashlyticsCollectionEnabled\")\n    _PLIST_ENTRY_TYPES+=(\"bool\")\n    _PLIST_ENTRY_VALUES+=(\"NO\")\n  fi\nelse\n  _PLIST_ENTRY_KEYS+=(\"firebase_json_raw\")\n  _PLIST_ENTRY_TYPES+=(\"string\")\n  _PLIST_ENTRY_VALUES+=(\"$_JSON_OUTPUT_BASE64\")\n  echo \"warning:   A firebase.json file was not found, whilst this file is optional it is recommended to include it to configure firebase services in React Native Firebase.\"\nfi;\n\necho \"info: 2) Injecting Info.plist entries: \"\n\n# Log out the keys we're adding\nfor i in \"${!_PLIST_ENTRY_KEYS[@]}\"; do\n  echo \"    ->  $i) ${_PLIST_ENTRY_KEYS[$i]}\" \"${_PLIST_ENTRY_TYPES[$i]}\" \"${_PLIST_ENTRY_VALUES[$i]}\"\ndone\n\nfor plist in \"${_TARGET_PLIST}\" \"${_DSYM_PLIST}\" ; do\n  if [[ -f \"${plist}\" ]]; then\n\n    # paths with spaces break the call to setPlistValue. temporarily modify\n    # the shell internal field separator variable (IFS), which normally\n    # includes spaces, to consist only of line breaks\n    oldifs=$IFS\n    IFS=\"\n\"\n\n    for i in \"${!_PLIST_ENTRY_KEYS[@]}\"; do\n      setPlistValue \"${_PLIST_ENTRY_KEYS[$i]}\" \"${_PLIST_ENTRY_TYPES[$i]}\" \"${_PLIST_ENTRY_VALUES[$i]}\" \"${plist}\"\n    done\n\n    # restore the original internal field separator value\n    IFS=$oldifs\n  else\n    echo \"warning:   A Info.plist build output file was not found (${plist})\"\n  fi\ndone\n\necho \"info: <- RNFB build script finished\"\n";
		};
		51BDE8982AD5FFDF006CF72B /* [CP] Check Pods Manifest.lock */ = {
			isa = PBXShellScriptBuildPhase;
			buildActionMask = 2147483647;
			files = (
			);
			inputFileListPaths = (
			);
			inputPaths = (
				"${PODS_PODFILE_DIR_PATH}/Podfile.lock",
				"${PODS_ROOT}/Manifest.lock",
			);
			name = "[CP] Check Pods Manifest.lock";
			outputFileListPaths = (
			);
			outputPaths = (
				"$(DERIVED_FILE_DIR)/Pods-FediReactNative-FediNightly-checkManifestLockResult.txt",
			);
			runOnlyForDeploymentPostprocessing = 0;
			shellPath = /bin/sh;
			shellScript = "diff \"${PODS_PODFILE_DIR_PATH}/Podfile.lock\" \"${PODS_ROOT}/Manifest.lock\" > /dev/null\nif [ $? != 0 ] ; then\n    # print error to STDERR\n    echo \"error: The sandbox is not in sync with the Podfile.lock. Run 'pod install' or update your CocoaPods installation.\" >&2\n    exit 1\nfi\n# This output is used by Xcode 'outputs' to avoid re-running this script phase.\necho \"SUCCESS\" > \"${SCRIPT_OUTPUT_FILE_0}\"\n";
			showEnvVarsInLog = 0;
		};
		51BDE8992AD5FFDF006CF72B /* Start Packager */ = {
			isa = PBXShellScriptBuildPhase;
			buildActionMask = 2147483647;
			files = (
			);
			inputFileListPaths = (
			);
			inputPaths = (
			);
			name = "Start Packager";
			outputFileListPaths = (
			);
			outputPaths = (
			);
			runOnlyForDeploymentPostprocessing = 0;
			shellPath = /bin/sh;
			shellScript = "export RCT_METRO_PORT=\"${RCT_METRO_PORT:=8081}\"\necho \"export RCT_METRO_PORT=${RCT_METRO_PORT}\" > \"${SRCROOT}/../../node_modules/react-native/scripts/.packager.env\"\nif [ -z \"${RCT_NO_LAUNCH_PACKAGER+xxx}\" ] ; then\n  if nc -w 5 -z localhost ${RCT_METRO_PORT} ; then\n    if ! curl -s \"http://localhost:${RCT_METRO_PORT}/status\" | grep -q \"packager-status:running\" ; then\n      echo \"Port ${RCT_METRO_PORT} already in use, packager is either not running or not running correctly\"\n      exit 2\n    fi\n  else\n    open \"$SRCROOT/../../node_modules/react-native/scripts/launchPackager.command\" || echo \"Can't start packager automatically\"\n  fi\nfi\n";
			showEnvVarsInLog = 0;
		};
		51BDE8B82AD5FFDF006CF72B /* Bundle React Native code and images */ = {
			isa = PBXShellScriptBuildPhase;
			buildActionMask = 2147483647;
			files = (
			);
			inputPaths = (
				"$(SRCROOT)/.xcode.env.local",
				"$(SRCROOT)/.xcode.env",
			);
			name = "Bundle React Native code and images";
			outputPaths = (
			);
			runOnlyForDeploymentPostprocessing = 0;
			shellPath = /bin/sh;
			shellScript = "export PROJECT_ROOT=$PWD/..\nset -e\n\nWITH_ENVIRONMENT=\"../../node_modules/react-native/scripts/xcode/with-environment.sh\"\nREACT_NATIVE_XCODE=\"../../node_modules/react-native/scripts/react-native-xcode.sh\"\n\n/bin/sh -c \"$WITH_ENVIRONMENT $REACT_NATIVE_XCODE\"\n";
		};
		51BDE8BA2AD5FFDF006CF72B /* [CP] Embed Pods Frameworks */ = {
			isa = PBXShellScriptBuildPhase;
			buildActionMask = 2147483647;
			files = (
			);
			inputFileListPaths = (
				"${PODS_ROOT}/Target Support Files/Pods-FediReactNative-FediNightly/Pods-FediReactNative-FediNightly-frameworks-${CONFIGURATION}-input-files.xcfilelist",
			);
			name = "[CP] Embed Pods Frameworks";
			outputFileListPaths = (
				"${PODS_ROOT}/Target Support Files/Pods-FediReactNative-FediNightly/Pods-FediReactNative-FediNightly-frameworks-${CONFIGURATION}-output-files.xcfilelist",
			);
			runOnlyForDeploymentPostprocessing = 0;
			shellPath = /bin/sh;
			shellScript = "\"${PODS_ROOT}/Target Support Files/Pods-FediReactNative-FediNightly/Pods-FediReactNative-FediNightly-frameworks.sh\"\n";
			showEnvVarsInLog = 0;
		};
		51BDE8BB2AD5FFDF006CF72B /* [CP] Copy Pods Resources */ = {
			isa = PBXShellScriptBuildPhase;
			buildActionMask = 2147483647;
			files = (
			);
			inputFileListPaths = (
				"${PODS_ROOT}/Target Support Files/Pods-FediReactNative-FediNightly/Pods-FediReactNative-FediNightly-resources-${CONFIGURATION}-input-files.xcfilelist",
			);
			name = "[CP] Copy Pods Resources";
			outputFileListPaths = (
				"${PODS_ROOT}/Target Support Files/Pods-FediReactNative-FediNightly/Pods-FediReactNative-FediNightly-resources-${CONFIGURATION}-output-files.xcfilelist",
			);
			runOnlyForDeploymentPostprocessing = 0;
			shellPath = /bin/sh;
			shellScript = "\"${PODS_ROOT}/Target Support Files/Pods-FediReactNative-FediNightly/Pods-FediReactNative-FediNightly-resources.sh\"\n";
			showEnvVarsInLog = 0;
		};
		55EDEAB12A132C16C4AE3A36 /* [CP] Copy Pods Resources */ = {
			isa = PBXShellScriptBuildPhase;
			buildActionMask = 2147483647;
			files = (
			);
			inputFileListPaths = (
				"${PODS_ROOT}/Target Support Files/Pods-FediReactNative/Pods-FediReactNative-resources-${CONFIGURATION}-input-files.xcfilelist",
			);
			name = "[CP] Copy Pods Resources";
			outputFileListPaths = (
				"${PODS_ROOT}/Target Support Files/Pods-FediReactNative/Pods-FediReactNative-resources-${CONFIGURATION}-output-files.xcfilelist",
			);
			runOnlyForDeploymentPostprocessing = 0;
			shellPath = /bin/sh;
			shellScript = "\"${PODS_ROOT}/Target Support Files/Pods-FediReactNative/Pods-FediReactNative-resources.sh\"\n";
			showEnvVarsInLog = 0;
		};
		5E89027A1C7AE51885F9F4D1 /* [CP] Embed Pods Frameworks */ = {
			isa = PBXShellScriptBuildPhase;
			buildActionMask = 2147483647;
			files = (
			);
			inputFileListPaths = (
				"${PODS_ROOT}/Target Support Files/Pods-FediReactNative/Pods-FediReactNative-frameworks-${CONFIGURATION}-input-files.xcfilelist",
			);
			name = "[CP] Embed Pods Frameworks";
			outputFileListPaths = (
				"${PODS_ROOT}/Target Support Files/Pods-FediReactNative/Pods-FediReactNative-frameworks-${CONFIGURATION}-output-files.xcfilelist",
			);
			runOnlyForDeploymentPostprocessing = 0;
			shellPath = /bin/sh;
			shellScript = "\"${PODS_ROOT}/Target Support Files/Pods-FediReactNative/Pods-FediReactNative-frameworks.sh\"\n";
			showEnvVarsInLog = 0;
		};
		8345F41416E0FEA06D06442C /* [CP] Embed Pods Frameworks */ = {
			isa = PBXShellScriptBuildPhase;
			buildActionMask = 2147483647;
			files = (
			);
			inputFileListPaths = (
				"${PODS_ROOT}/Target Support Files/Pods-FediReactNative-FediReactNativeTests/Pods-FediReactNative-FediReactNativeTests-frameworks-${CONFIGURATION}-input-files.xcfilelist",
			);
			name = "[CP] Embed Pods Frameworks";
			outputFileListPaths = (
				"${PODS_ROOT}/Target Support Files/Pods-FediReactNative-FediReactNativeTests/Pods-FediReactNative-FediReactNativeTests-frameworks-${CONFIGURATION}-output-files.xcfilelist",
			);
			runOnlyForDeploymentPostprocessing = 0;
			shellPath = /bin/sh;
			shellScript = "\"${PODS_ROOT}/Target Support Files/Pods-FediReactNative-FediReactNativeTests/Pods-FediReactNative-FediReactNativeTests-frameworks.sh\"\n";
			showEnvVarsInLog = 0;
		};
		AEE437118E073FFA124F936E /* [CP] Check Pods Manifest.lock */ = {
			isa = PBXShellScriptBuildPhase;
			buildActionMask = 2147483647;
			files = (
			);
			inputFileListPaths = (
			);
			inputPaths = (
				"${PODS_PODFILE_DIR_PATH}/Podfile.lock",
				"${PODS_ROOT}/Manifest.lock",
			);
			name = "[CP] Check Pods Manifest.lock";
			outputFileListPaths = (
			);
			outputPaths = (
				"$(DERIVED_FILE_DIR)/Pods-FediReactNative-checkManifestLockResult.txt",
			);
			runOnlyForDeploymentPostprocessing = 0;
			shellPath = /bin/sh;
			shellScript = "diff \"${PODS_PODFILE_DIR_PATH}/Podfile.lock\" \"${PODS_ROOT}/Manifest.lock\" > /dev/null\nif [ $? != 0 ] ; then\n    # print error to STDERR\n    echo \"error: The sandbox is not in sync with the Podfile.lock. Run 'pod install' or update your CocoaPods installation.\" >&2\n    exit 1\nfi\n# This output is used by Xcode 'outputs' to avoid re-running this script phase.\necho \"SUCCESS\" > \"${SCRIPT_OUTPUT_FILE_0}\"\n";
			showEnvVarsInLog = 0;
		};
		B7A4BFF5398F1746746680E8 /* [CP] Check Pods Manifest.lock */ = {
			isa = PBXShellScriptBuildPhase;
			buildActionMask = 2147483647;
			files = (
			);
			inputFileListPaths = (
			);
			inputPaths = (
				"${PODS_PODFILE_DIR_PATH}/Podfile.lock",
				"${PODS_ROOT}/Manifest.lock",
			);
			name = "[CP] Check Pods Manifest.lock";
			outputFileListPaths = (
			);
			outputPaths = (
				"$(DERIVED_FILE_DIR)/Pods-FediReactNative-FediReactNativeTests-checkManifestLockResult.txt",
			);
			runOnlyForDeploymentPostprocessing = 0;
			shellPath = /bin/sh;
			shellScript = "diff \"${PODS_PODFILE_DIR_PATH}/Podfile.lock\" \"${PODS_ROOT}/Manifest.lock\" > /dev/null\nif [ $? != 0 ] ; then\n    # print error to STDERR\n    echo \"error: The sandbox is not in sync with the Podfile.lock. Run 'pod install' or update your CocoaPods installation.\" >&2\n    exit 1\nfi\n# This output is used by Xcode 'outputs' to avoid re-running this script phase.\necho \"SUCCESS\" > \"${SCRIPT_OUTPUT_FILE_0}\"\n";
			showEnvVarsInLog = 0;
		};
/* End PBXShellScriptBuildPhase section */

/* Begin PBXSourcesBuildPhase section */
		00E356EA1AD99517003FC87E /* Sources */ = {
			isa = PBXSourcesBuildPhase;
			buildActionMask = 2147483647;
			files = (
				00E356F31AD99517003FC87E /* FediReactNativeTests.m in Sources */,
				D0D73EFB2921E1C80059F06F /* FedimintFfi.m in Sources */,
				D0D73F002921E5480059F06F /* FedimintFfi.swift in Sources */,
			);
			runOnlyForDeploymentPostprocessing = 0;
		};
		13B07F871A680F5B00A75B9A /* Sources */ = {
			isa = PBXSourcesBuildPhase;
			buildActionMask = 2147483647;
			files = (
				13B07FBC1A68108700A75B9A /* AppDelegate.mm in Sources */,
				D0D73EFF2921E5480059F06F /* FedimintFfi.swift in Sources */,
				13B07FC11A68108700A75B9A /* main.m in Sources */,
				D0D73EFA2921E1C80059F06F /* FedimintFfi.m in Sources */,
			);
			runOnlyForDeploymentPostprocessing = 0;
		};
		51BDE89A2AD5FFDF006CF72B /* Sources */ = {
			isa = PBXSourcesBuildPhase;
			buildActionMask = 2147483647;
			files = (
				51BDE89B2AD5FFDF006CF72B /* AppDelegate.mm in Sources */,
				51BDE89C2AD5FFDF006CF72B /* FedimintFfi.swift in Sources */,
				51BDE89D2AD5FFDF006CF72B /* main.m in Sources */,
				51BDE89E2AD5FFDF006CF72B /* FedimintFfi.m in Sources */,
			);
			runOnlyForDeploymentPostprocessing = 0;
		};
/* End PBXSourcesBuildPhase section */

/* Begin PBXTargetDependency section */
		00E356F51AD99517003FC87E /* PBXTargetDependency */ = {
			isa = PBXTargetDependency;
			target = 13B07F861A680F5B00A75B9A /* FediReactNative */;
			targetProxy = 00E356F41AD99517003FC87E /* PBXContainerItemProxy */;
		};
/* End PBXTargetDependency section */

/* Begin PBXVariantGroup section */
		A1E81D992D4A9F92009B406B /* InfoPlist.strings */ = {
			isa = PBXVariantGroup;
			children = (
				A1E81D9A2D4A9F92009B406B /* en */,
				A1E81D9D2D4AA073009B406B /* fr */,
				A1E81D9E2D4AA07D009B406B /* pt-BR */,
				A1E81D9F2D4AA083009B406B /* pt-PT */,
				A1E81DA02D4AA087009B406B /* es-419 */,
				A1E81DA12D4AA08D009B406B /* id */,
			);
			name = InfoPlist.strings;
			sourceTree = "<group>";
		};
/* End PBXVariantGroup section */

/* Begin XCBuildConfiguration section */
		00E356F61AD99517003FC87E /* Debug */ = {
			isa = XCBuildConfiguration;
			baseConfigurationReference = FA52DADFB3BE42105C86D221 /* Pods-FediReactNative-FediReactNativeTests.debug.xcconfig */;
			buildSettings = {
				ALWAYS_EMBED_SWIFT_STANDARD_LIBRARIES = YES;
				BUNDLE_LOADER = "$(TEST_HOST)";
				CLANG_ENABLE_MODULES = YES;
				DEVELOPMENT_TEAM = 4JUZY29459;
				GCC_PREPROCESSOR_DEFINITIONS = (
					"DEBUG=1",
					"VISION_CAMERA_DISABLE_FRAME_PROCESSORS=1",
					"$(inherited)",
				);
				INFOPLIST_FILE = FediReactNativeTests/Info.plist;
				IPHONEOS_DEPLOYMENT_TARGET = 15.0;
				LD_RUNPATH_SEARCH_PATHS = (
					"$(inherited)",
					"@executable_path/Frameworks",
					"@loader_path/Frameworks",
				);
				OTHER_LDFLAGS = (
					"-ObjC",
					"-lc++",
					"$(inherited)",
				);
				PRODUCT_BUNDLE_IDENTIFIER = org.fedi.alpha;
				PRODUCT_NAME = "$(TARGET_NAME)";
				SWIFT_OBJC_BRIDGING_HEADER = "FediReactNativeTests-Bridging-Header.h";
				SWIFT_OPTIMIZATION_LEVEL = "-Onone";
				SWIFT_VERSION = 5.0;
				TEST_HOST = "$(BUILT_PRODUCTS_DIR)/FediReactNative.app/FediReactNative";
			};
			name = Debug;
		};
		00E356F71AD99517003FC87E /* Release */ = {
			isa = XCBuildConfiguration;
			baseConfigurationReference = B629B376C532DB5BE64CF38D /* Pods-FediReactNative-FediReactNativeTests.release.xcconfig */;
			buildSettings = {
				ALWAYS_EMBED_SWIFT_STANDARD_LIBRARIES = YES;
				BUNDLE_LOADER = "$(TEST_HOST)";
				CLANG_ENABLE_MODULES = YES;
				COPY_PHASE_STRIP = NO;
				DEVELOPMENT_TEAM = 4JUZY29459;
				INFOPLIST_FILE = FediReactNativeTests/Info.plist;
				IPHONEOS_DEPLOYMENT_TARGET = 15.0;
				LD_RUNPATH_SEARCH_PATHS = (
					"$(inherited)",
					"@executable_path/Frameworks",
					"@loader_path/Frameworks",
				);
				OTHER_LDFLAGS = (
					"-ObjC",
					"-lc++",
					"$(inherited)",
				);
				PRODUCT_BUNDLE_IDENTIFIER = org.fedi.alpha;
				PRODUCT_NAME = "$(TARGET_NAME)";
				SWIFT_OBJC_BRIDGING_HEADER = "FediReactNativeTests-Bridging-Header.h";
				SWIFT_VERSION = 5.0;
				TEST_HOST = "$(BUILT_PRODUCTS_DIR)/FediReactNative.app/FediReactNative";
			};
			name = Release;
		};
		13B07F941A680F5B00A75B9A /* Debug */ = {
			isa = XCBuildConfiguration;
			baseConfigurationReference = 7CC393CACA0C6BA9FE9B9F83 /* Pods-FediReactNative.debug.xcconfig */;
			buildSettings = {
				ASSETCATALOG_COMPILER_APPICON_NAME = AppIcon;
				CLANG_ENABLE_MODULES = YES;
				CODE_SIGN_ENTITLEMENTS = FediReactNative/FediReactNative.entitlements;
				CODE_SIGN_IDENTITY = "Apple Development";
				CODE_SIGN_STYLE = Automatic;
				CURRENT_PROJECT_VERSION = 194;
				DEVELOPMENT_TEAM = 4JUZY29459;
				ENABLE_BITCODE = NO;
				INFOPLIST_FILE = FediReactNative/Info.plist;
				INFOPLIST_KEY_CFBundleDisplayName = "Fedi Alpha";
				INFOPLIST_KEY_LSApplicationCategoryType = "public.app-category.utilities";
				LD_RUNPATH_SEARCH_PATHS = (
					"$(inherited)",
					"@executable_path/Frameworks",
				);
				MARKETING_VERSION = 1.14.23;
				OTHER_LDFLAGS = (
					"$(inherited)",
					"-ObjC",
					"-lc++",
				);
				PRODUCT_BUNDLE_IDENTIFIER = org.fedi.alpha;
				PRODUCT_NAME = FediReactNative;
				PROVISIONING_PROFILE_SPECIFIER = "";
				SWIFT_OBJC_BRIDGING_HEADER = "FediReactNative-Bridging-Header.h";
				SWIFT_OPTIMIZATION_LEVEL = "-Onone";
				SWIFT_VERSION = 5.0;
				VERSIONING_SYSTEM = "apple-generic";
			};
			name = Debug;
		};
		13B07F951A680F5B00A75B9A /* Release */ = {
			isa = XCBuildConfiguration;
			baseConfigurationReference = 66358573FC1BA6095BE3FA97 /* Pods-FediReactNative.release.xcconfig */;
			buildSettings = {
				ASSETCATALOG_COMPILER_APPICON_NAME = AppIcon;
				CLANG_ENABLE_MODULES = YES;
				CODE_SIGN_ENTITLEMENTS = FediReactNative/FediReactNative.entitlements;
				CODE_SIGN_IDENTITY = "Apple Distribution";
				"CODE_SIGN_IDENTITY[sdk=iphoneos*]" = "iPhone Distribution";
				CODE_SIGN_STYLE = Manual;
				CURRENT_PROJECT_VERSION = 194;
				DEVELOPMENT_TEAM = "";
				"DEVELOPMENT_TEAM[sdk=iphoneos*]" = 4JUZY29459;
				FRAMEWORK_SEARCH_PATHS = (
					"$(inherited)",
					"\"${PODS_ROOT}/MLImage/Frameworks\"",
					"\"${PODS_ROOT}/MLKitBarcodeScanning/Frameworks\"",
					"\"${PODS_ROOT}/MLKitCommon/Frameworks\"",
					"\"${PODS_ROOT}/MLKitVision/Frameworks\"",
					"\"${PODS_ROOT}/hermes-engine/destroot/Library/Frameworks/universal\"",
					"\"${PODS_XCFRAMEWORKS_BUILD_DIR}/hermes-engine\"",
					"\"${PODS_ROOT}/OpenSSL-Universal/Frameworks\"",
					"\"${PODS_XCFRAMEWORKS_BUILD_DIR}/OpenSSL-Universal\"",
				);
				INFOPLIST_FILE = FediReactNative/Info.plist;
				INFOPLIST_KEY_CFBundleDisplayName = "Fedi Alpha";
				INFOPLIST_KEY_LSApplicationCategoryType = "public.app-category.utilities";
				LD_RUNPATH_SEARCH_PATHS = (
					"$(inherited)",
					"@executable_path/Frameworks",
				);
				MARKETING_VERSION = 1.14.23;
				OTHER_LDFLAGS = (
					"$(inherited)",
					"-ObjC",
					"-lc++",
				);
				PRODUCT_BUNDLE_IDENTIFIER = org.fedi.alpha;
				PRODUCT_NAME = FediReactNative;
				PROVISIONING_PROFILE_SPECIFIER = "";
				"PROVISIONING_PROFILE_SPECIFIER[sdk=iphoneos*]" = "match AppStore org.fedi.alpha";
				SWIFT_OBJC_BRIDGING_HEADER = "FediReactNative-Bridging-Header.h";
				SWIFT_VERSION = 5.0;
				VERSIONING_SYSTEM = "apple-generic";
			};
			name = Release;
		};
		51BDE8BE2AD5FFDF006CF72B /* Debug */ = {
			isa = XCBuildConfiguration;
			baseConfigurationReference = DBC5D5EE596713A20FA15FBB /* Pods-FediReactNative-FediNightly.debug.xcconfig */;
			buildSettings = {
				ASSETCATALOG_COMPILER_APPICON_NAME = AppIcon;
				CLANG_ENABLE_MODULES = YES;
				CODE_SIGN_ENTITLEMENTS = FediReactNative/FediReactNative.entitlements;
				CODE_SIGN_IDENTITY = "Apple Development";
				CODE_SIGN_STYLE = Automatic;
				CURRENT_PROJECT_VERSION = 194;
				DEVELOPMENT_TEAM = 4JUZY29459;
				ENABLE_BITCODE = NO;
				INFOPLIST_FILE = "FediNightly-Info.plist";
				INFOPLIST_KEY_CFBundleDisplayName = "Fedi Alpha";
				INFOPLIST_KEY_LSApplicationCategoryType = "public.app-category.utilities";
				IPHONEOS_DEPLOYMENT_TARGET = 15.0;
				LD_RUNPATH_SEARCH_PATHS = (
					"$(inherited)",
					"@executable_path/Frameworks",
				);
				MARKETING_VERSION = 1.14.23;
				OTHER_LDFLAGS = (
					"$(inherited)",
					"-ObjC",
					"-lc++",
				);
				PRODUCT_BUNDLE_IDENTIFIER = org.fedi.nightly;
				PRODUCT_NAME = "$(TARGET_NAME)";
				PROVISIONING_PROFILE_SPECIFIER = "";
				SWIFT_OBJC_BRIDGING_HEADER = "FediReactNative-Bridging-Header.h";
				SWIFT_OPTIMIZATION_LEVEL = "-Onone";
				SWIFT_VERSION = 5.0;
				VERSIONING_SYSTEM = "apple-generic";
			};
			name = Debug;
		};
		51BDE8BF2AD5FFDF006CF72B /* Release */ = {
			isa = XCBuildConfiguration;
			baseConfigurationReference = 74127533118A8BCFD4A5DCB5 /* Pods-FediReactNative-FediNightly.release.xcconfig */;
			buildSettings = {
				ASSETCATALOG_COMPILER_APPICON_NAME = AppIcon;
				CLANG_ENABLE_MODULES = YES;
				CODE_SIGN_ENTITLEMENTS = FediReactNative/FediReactNative.entitlements;
				CODE_SIGN_IDENTITY = "Apple Distribution";
				"CODE_SIGN_IDENTITY[sdk=iphoneos*]" = "iPhone Distribution";
				CODE_SIGN_STYLE = Manual;
				CURRENT_PROJECT_VERSION = 194;
				DEVELOPMENT_TEAM = "";
				"DEVELOPMENT_TEAM[sdk=iphoneos*]" = 4JUZY29459;
				FRAMEWORK_SEARCH_PATHS = (
					"$(inherited)",
					"\"${PODS_ROOT}/MLImage/Frameworks\"",
					"\"${PODS_ROOT}/MLKitBarcodeScanning/Frameworks\"",
					"\"${PODS_ROOT}/MLKitCommon/Frameworks\"",
					"\"${PODS_ROOT}/MLKitVision/Frameworks\"",
					"\"${PODS_ROOT}/hermes-engine/destroot/Library/Frameworks/universal\"",
					"\"${PODS_XCFRAMEWORKS_BUILD_DIR}/hermes-engine\"",
					"\"${PODS_ROOT}/OpenSSL-Universal/Frameworks\"",
					"\"${PODS_XCFRAMEWORKS_BUILD_DIR}/OpenSSL-Universal\"",
				);
				INFOPLIST_FILE = "FediNightly-Info.plist";
				INFOPLIST_KEY_CFBundleDisplayName = "Fedi Alpha";
				INFOPLIST_KEY_LSApplicationCategoryType = "public.app-category.utilities";
				IPHONEOS_DEPLOYMENT_TARGET = 15.0;
				LD_RUNPATH_SEARCH_PATHS = (
					"$(inherited)",
					"@executable_path/Frameworks",
				);
				MARKETING_VERSION = 1.14.23;
				OTHER_LDFLAGS = (
					"$(inherited)",
					"-ObjC",
					"-lc++",
				);
				PRODUCT_BUNDLE_IDENTIFIER = org.fedi.nightly;
				PRODUCT_NAME = "$(TARGET_NAME)";
				PROVISIONING_PROFILE_SPECIFIER = "";
				"PROVISIONING_PROFILE_SPECIFIER[sdk=iphoneos*]" = "match AppStore org.fedi.nightly";
				SWIFT_OBJC_BRIDGING_HEADER = "FediReactNative-Bridging-Header.h";
				SWIFT_VERSION = 5.0;
				VERSIONING_SYSTEM = "apple-generic";
			};
			name = Release;
		};
		83CBBA201A601CBA00E9B192 /* Debug */ = {
			isa = XCBuildConfiguration;
			buildSettings = {
				ALWAYS_SEARCH_USER_PATHS = NO;
				CC = "";
				CLANG_ANALYZER_LOCALIZABILITY_NONLOCALIZED = YES;
				CLANG_CXX_LANGUAGE_STANDARD = "c++20";
				CLANG_CXX_LIBRARY = "libc++";
				CLANG_ENABLE_MODULES = YES;
				CLANG_ENABLE_OBJC_ARC = YES;
				CLANG_WARN_BLOCK_CAPTURE_AUTORELEASING = YES;
				CLANG_WARN_BOOL_CONVERSION = YES;
				CLANG_WARN_COMMA = YES;
				CLANG_WARN_CONSTANT_CONVERSION = YES;
				CLANG_WARN_DEPRECATED_OBJC_IMPLEMENTATIONS = YES;
				CLANG_WARN_DIRECT_OBJC_ISA_USAGE = YES_ERROR;
				CLANG_WARN_EMPTY_BODY = YES;
				CLANG_WARN_ENUM_CONVERSION = YES;
				CLANG_WARN_INFINITE_RECURSION = YES;
				CLANG_WARN_INT_CONVERSION = YES;
				CLANG_WARN_NON_LITERAL_NULL_CONVERSION = YES;
				CLANG_WARN_OBJC_IMPLICIT_RETAIN_SELF = YES;
				CLANG_WARN_OBJC_LITERAL_CONVERSION = YES;
				CLANG_WARN_OBJC_ROOT_CLASS = YES_ERROR;
				CLANG_WARN_QUOTED_INCLUDE_IN_FRAMEWORK_HEADER = YES;
				CLANG_WARN_RANGE_LOOP_ANALYSIS = YES;
				CLANG_WARN_STRICT_PROTOTYPES = YES;
				CLANG_WARN_SUSPICIOUS_MOVE = YES;
				CLANG_WARN_UNREACHABLE_CODE = YES;
				CLANG_WARN__DUPLICATE_METHOD_MATCH = YES;
				"CODE_SIGN_IDENTITY[sdk=iphoneos*]" = "Apple Development";
				COPY_PHASE_STRIP = NO;
				CXX = "";
				ENABLE_STRICT_OBJC_MSGSEND = YES;
				ENABLE_TESTABILITY = YES;
				"EXCLUDED_ARCHS[sdk=iphonesimulator*]" = i386;
				GCC_C_LANGUAGE_STANDARD = gnu99;
				GCC_DYNAMIC_NO_PIC = NO;
				GCC_NO_COMMON_BLOCKS = YES;
				GCC_OPTIMIZATION_LEVEL = 0;
				GCC_PREPROCESSOR_DEFINITIONS = (
					"DEBUG=1",
					"VISION_CAMERA_DISABLE_FRAME_PROCESSORS=1",
					"$(inherited)",
					_LIBCPP_ENABLE_CXX17_REMOVED_UNARY_BINARY_FUNCTION,
				);
				GCC_SYMBOLS_PRIVATE_EXTERN = NO;
				GCC_WARN_64_TO_32_BIT_CONVERSION = YES;
				GCC_WARN_ABOUT_RETURN_TYPE = YES_ERROR;
				GCC_WARN_UNDECLARED_SELECTOR = YES;
				GCC_WARN_UNINITIALIZED_AUTOS = YES_AGGRESSIVE;
				GCC_WARN_UNUSED_FUNCTION = YES;
				GCC_WARN_UNUSED_VARIABLE = YES;
				IPHONEOS_DEPLOYMENT_TARGET = 15.0;
				LD = "";
				LDPLUSPLUS = "";
				LD_RUNPATH_SEARCH_PATHS = (
					/usr/lib/swift,
					"$(inherited)",
				);
				LIBRARY_SEARCH_PATHS = (
					"\"$(SDKROOT)/usr/lib/swift\"",
					"\"$(TOOLCHAIN_DIR)/usr/lib/swift/$(PLATFORM_NAME)\"",
					"\"$(inherited)\"",
				);
				MTL_ENABLE_DEBUG_INFO = YES;
				ONLY_ACTIVE_ARCH = YES;
				OTHER_CFLAGS = "$(inherited)";
				OTHER_CPLUSPLUSFLAGS = (
					"$(OTHER_CFLAGS)",
					"-DFOLLY_NO_CONFIG",
					"-DFOLLY_MOBILE=1",
					"-DFOLLY_USE_LIBCPP=1",
					"-DFOLLY_CFG_NO_COROUTINES=1",
					"-DFOLLY_HAVE_CLOCK_GETTIME=1",
				);
				OTHER_LDFLAGS = "$(inherited)";
				REACT_NATIVE_PATH = "${PODS_ROOT}/../../../node_modules/react-native";
				SDKROOT = iphoneos;
				SWIFT_ACTIVE_COMPILATION_CONDITIONS = "$(inherited) DEBUG";
				SWIFT_EMIT_LOC_STRINGS = YES;
				USE_HERMES = true;
			};
			name = Debug;
		};
		83CBBA211A601CBA00E9B192 /* Release */ = {
			isa = XCBuildConfiguration;
			buildSettings = {
				ALWAYS_SEARCH_USER_PATHS = NO;
				CC = "";
				CLANG_ANALYZER_LOCALIZABILITY_NONLOCALIZED = YES;
				CLANG_CXX_LANGUAGE_STANDARD = "c++20";
				CLANG_CXX_LIBRARY = "libc++";
				CLANG_ENABLE_MODULES = YES;
				CLANG_ENABLE_OBJC_ARC = YES;
				CLANG_WARN_BLOCK_CAPTURE_AUTORELEASING = YES;
				CLANG_WARN_BOOL_CONVERSION = YES;
				CLANG_WARN_COMMA = YES;
				CLANG_WARN_CONSTANT_CONVERSION = YES;
				CLANG_WARN_DEPRECATED_OBJC_IMPLEMENTATIONS = YES;
				CLANG_WARN_DIRECT_OBJC_ISA_USAGE = YES_ERROR;
				CLANG_WARN_EMPTY_BODY = YES;
				CLANG_WARN_ENUM_CONVERSION = YES;
				CLANG_WARN_INFINITE_RECURSION = YES;
				CLANG_WARN_INT_CONVERSION = YES;
				CLANG_WARN_NON_LITERAL_NULL_CONVERSION = YES;
				CLANG_WARN_OBJC_IMPLICIT_RETAIN_SELF = YES;
				CLANG_WARN_OBJC_LITERAL_CONVERSION = YES;
				CLANG_WARN_OBJC_ROOT_CLASS = YES_ERROR;
				CLANG_WARN_QUOTED_INCLUDE_IN_FRAMEWORK_HEADER = YES;
				CLANG_WARN_RANGE_LOOP_ANALYSIS = YES;
				CLANG_WARN_STRICT_PROTOTYPES = YES;
				CLANG_WARN_SUSPICIOUS_MOVE = YES;
				CLANG_WARN_UNREACHABLE_CODE = YES;
				CLANG_WARN__DUPLICATE_METHOD_MATCH = YES;
				CODE_SIGN_IDENTITY = "Apple Distribution";
				"CODE_SIGN_IDENTITY[sdk=iphoneos*]" = "Apple Distribution";
				COPY_PHASE_STRIP = YES;
				CXX = "";
				ENABLE_NS_ASSERTIONS = NO;
				ENABLE_STRICT_OBJC_MSGSEND = YES;
				"EXCLUDED_ARCHS[sdk=iphonesimulator*]" = i386;
				GCC_C_LANGUAGE_STANDARD = gnu99;
				GCC_NO_COMMON_BLOCKS = YES;
				GCC_PREPROCESSOR_DEFINITIONS = (
					"$(inherited)",
					_LIBCPP_ENABLE_CXX17_REMOVED_UNARY_BINARY_FUNCTION,
				);
				GCC_WARN_64_TO_32_BIT_CONVERSION = YES;
				GCC_WARN_ABOUT_RETURN_TYPE = YES_ERROR;
				GCC_WARN_UNDECLARED_SELECTOR = YES;
				GCC_WARN_UNINITIALIZED_AUTOS = YES_AGGRESSIVE;
				GCC_WARN_UNUSED_FUNCTION = YES;
				GCC_WARN_UNUSED_VARIABLE = YES;
				IPHONEOS_DEPLOYMENT_TARGET = 15.0;
				LD = "";
				LDPLUSPLUS = "";
				LD_RUNPATH_SEARCH_PATHS = (
					/usr/lib/swift,
					"$(inherited)",
				);
				LIBRARY_SEARCH_PATHS = (
					"\"$(SDKROOT)/usr/lib/swift\"",
					"\"$(TOOLCHAIN_DIR)/usr/lib/swift/$(PLATFORM_NAME)\"",
					"\"$(inherited)\"",
				);
				MTL_ENABLE_DEBUG_INFO = NO;
				OTHER_CFLAGS = "$(inherited)";
				OTHER_CPLUSPLUSFLAGS = (
					"$(OTHER_CFLAGS)",
					"-DFOLLY_NO_CONFIG",
					"-DFOLLY_MOBILE=1",
					"-DFOLLY_USE_LIBCPP=1",
					"-DFOLLY_CFG_NO_COROUTINES=1",
					"-DFOLLY_HAVE_CLOCK_GETTIME=1",
				);
				OTHER_LDFLAGS = "$(inherited)";
				REACT_NATIVE_PATH = "${PODS_ROOT}/../../../node_modules/react-native";
				SDKROOT = iphoneos;
				SWIFT_EMIT_LOC_STRINGS = YES;
				USE_HERMES = true;
				VALIDATE_PRODUCT = YES;
			};
			name = Release;
		};
/* End XCBuildConfiguration section */

/* Begin XCConfigurationList section */
		00E357021AD99517003FC87E /* Build configuration list for PBXNativeTarget "FediReactNativeTests" */ = {
			isa = XCConfigurationList;
			buildConfigurations = (
				00E356F61AD99517003FC87E /* Debug */,
				00E356F71AD99517003FC87E /* Release */,
			);
			defaultConfigurationIsVisible = 0;
			defaultConfigurationName = Release;
		};
		13B07F931A680F5B00A75B9A /* Build configuration list for PBXNativeTarget "FediReactNative" */ = {
			isa = XCConfigurationList;
			buildConfigurations = (
				13B07F941A680F5B00A75B9A /* Debug */,
				13B07F951A680F5B00A75B9A /* Release */,
			);
			defaultConfigurationIsVisible = 0;
			defaultConfigurationName = Release;
		};
		51BDE8BD2AD5FFDF006CF72B /* Build configuration list for PBXNativeTarget "FediNightly" */ = {
			isa = XCConfigurationList;
			buildConfigurations = (
				51BDE8BE2AD5FFDF006CF72B /* Debug */,
				51BDE8BF2AD5FFDF006CF72B /* Release */,
			);
			defaultConfigurationIsVisible = 0;
			defaultConfigurationName = Release;
		};
		83CBB9FA1A601CBA00E9B192 /* Build configuration list for PBXProject "FediReactNative" */ = {
			isa = XCConfigurationList;
			buildConfigurations = (
				83CBBA201A601CBA00E9B192 /* Debug */,
				83CBBA211A601CBA00E9B192 /* Release */,
			);
			defaultConfigurationIsVisible = 0;
			defaultConfigurationName = Release;
		};
/* End XCConfigurationList section */

/* Begin XCSwiftPackageProductDependency section */
		5118AA9B294A6A1700A41911 /* Fedi */ = {
			isa = XCSwiftPackageProductDependency;
			productName = Fedi;
		};
		51BDE8972AD5FFDF006CF72B /* Fedi */ = {
			isa = XCSwiftPackageProductDependency;
			productName = Fedi;
		};
/* End XCSwiftPackageProductDependency section */
	};
	rootObject = 83CBB9F71A601CBA00E9B192 /* Project object */;
}
